{
  "version": 4,
  "terraform_version": "1.0.5",
  "serial": 78,
  "lineage": "8b987a01-0644-32d9-e181-3b016998deea",
  "outputs": {},
  "resources": [
    {
      "mode": "managed",
      "type": "azurerm_ip_group",
      "name": "ip_group_hub",
      "provider": "provider[\"registry.terraform.io/hashicorp/azurerm\"]",
      "instances": [
        {
          "schema_version": 0,
          "attributes": {
            "cidrs": [
              "10.1.0.0/16"
            ],
            "id": "/subscriptions/52c8334e-33c1-4df4-bba5-859bf96b7377/resourceGroups/rg-net-core-hub-centralus/providers/Microsoft.Network/ipGroups/hub-ipgroup",
            "location": "centralus",
            "name": "hub-ipgroup",
            "resource_group_name": "rg-net-core-hub-centralus",
            "tags": null,
            "timeouts": null
          },
          "sensitive_attributes": [],
          "private": "eyJlMmJmYjczMC1lY2FhLTExZTYtOGY4OC0zNDM2M2JjN2M0YzAiOnsiY3JlYXRlIjoxODAwMDAwMDAwMDAwLCJkZWxldGUiOjE4MDAwMDAwMDAwMDAsInJlYWQiOjMwMDAwMDAwMDAwMCwidXBkYXRlIjoxODAwMDAwMDAwMDAwfX0=",
          "dependencies": [
            "azurerm_resource_group.hub_rg"
          ]
        }
      ]
    },
    {
      "mode": "managed",
      "type": "azurerm_ip_group",
      "name": "ip_group_mlw_spoke",
      "provider": "provider[\"registry.terraform.io/hashicorp/azurerm\"]",
      "instances": [
        {
          "schema_version": 0,
          "attributes": {
            "cidrs": [
              "10.3.0.0/16"
            ],
            "id": "/subscriptions/52c8334e-33c1-4df4-bba5-859bf96b7377/resourceGroups/rg-net-core-hub-centralus/providers/Microsoft.Network/ipGroups/mlw-spoke-ipgroup",
            "location": "centralus",
            "name": "mlw-spoke-ipgroup",
            "resource_group_name": "rg-net-core-hub-centralus",
            "tags": null,
            "timeouts": null
          },
          "sensitive_attributes": [],
          "private": "eyJlMmJmYjczMC1lY2FhLTExZTYtOGY4OC0zNDM2M2JjN2M0YzAiOnsiY3JlYXRlIjoxODAwMDAwMDAwMDAwLCJkZWxldGUiOjE4MDAwMDAwMDAwMDAsInJlYWQiOjMwMDAwMDAwMDAwMCwidXBkYXRlIjoxODAwMDAwMDAwMDAwfX0=",
          "dependencies": [
            "azurerm_resource_group.hub_rg"
          ]
        }
      ]
    },
    {
      "mode": "managed",
      "type": "azurerm_resource_group",
      "name": "hub_rg",
      "provider": "provider[\"registry.terraform.io/hashicorp/azurerm\"]",
      "instances": [
        {
          "schema_version": 0,
          "attributes": {
            "id": "/subscriptions/52c8334e-33c1-4df4-bba5-859bf96b7377/resourceGroups/rg-net-core-hub-centralus",
            "location": "centralus",
            "name": "rg-net-core-hub-centralus",
            "tags": {
              "environment": "dev"
            },
            "timeouts": null
          },
          "sensitive_attributes": [],
          "private": "eyJlMmJmYjczMC1lY2FhLTExZTYtOGY4OC0zNDM2M2JjN2M0YzAiOnsiY3JlYXRlIjo1NDAwMDAwMDAwMDAwLCJkZWxldGUiOjU0MDAwMDAwMDAwMDAsInJlYWQiOjMwMDAwMDAwMDAwMCwidXBkYXRlIjo1NDAwMDAwMDAwMDAwfX0="
        }
      ]
    },
    {
      "mode": "managed",
      "type": "azurerm_resource_group",
      "name": "mon_rg",
      "provider": "provider[\"registry.terraform.io/hashicorp/azurerm\"]",
      "instances": [
        {
          "schema_version": 0,
          "attributes": {
            "id": "/subscriptions/52c8334e-33c1-4df4-bba5-859bf96b7377/resourceGroups/rg-mon-core-prod-centralus",
            "location": "centralus",
            "name": "rg-mon-core-prod-centralus",
            "tags": {
              "Business Crit": "Low",
              "Data Class": "General",
              "Workload": "Core Infra"
            },
            "timeouts": null
          },
          "sensitive_attributes": [],
          "private": "eyJlMmJmYjczMC1lY2FhLTExZTYtOGY4OC0zNDM2M2JjN2M0YzAiOnsiY3JlYXRlIjo1NDAwMDAwMDAwMDAwLCJkZWxldGUiOjU0MDAwMDAwMDAwMDAsInJlYWQiOjMwMDAwMDAwMDAwMCwidXBkYXRlIjo1NDAwMDAwMDAwMDAwfX0="
        }
      ]
    },
    {
      "mode": "managed",
      "type": "azurerm_resource_group",
      "name": "spoke_shared_rg",
      "provider": "provider[\"registry.terraform.io/hashicorp/azurerm\"]",
      "instances": [
        {
          "schema_version": 0,
          "attributes": {
            "id": "/subscriptions/52c8334e-33c1-4df4-bba5-859bf96b7377/resourceGroups/rg-shared-mlw-spoke-centralus",
            "location": "centralus",
            "name": "rg-shared-mlw-spoke-centralus",
            "tags": {
              "environment": "dev"
            },
            "timeouts": null
          },
          "sensitive_attributes": [],
          "private": "eyJlMmJmYjczMC1lY2FhLTExZTYtOGY4OC0zNDM2M2JjN2M0YzAiOnsiY3JlYXRlIjo1NDAwMDAwMDAwMDAwLCJkZWxldGUiOjU0MDAwMDAwMDAwMDAsInJlYWQiOjMwMDAwMDAwMDAwMCwidXBkYXRlIjo1NDAwMDAwMDAwMDAwfX0="
        }
      ]
    },
    {
      "mode": "managed",
      "type": "azurerm_resource_group",
      "name": "spoke_vnet_rg",
      "provider": "provider[\"registry.terraform.io/hashicorp/azurerm\"]",
      "instances": [
        {
          "schema_version": 0,
          "attributes": {
            "id": "/subscriptions/52c8334e-33c1-4df4-bba5-859bf96b7377/resourceGroups/rg-net-spoke-centralus",
            "location": "centralus",
            "name": "rg-net-spoke-centralus",
            "tags": {
              "environment": "dev"
            },
            "timeouts": null
          },
          "sensitive_attributes": [],
          "private": "eyJlMmJmYjczMC1lY2FhLTExZTYtOGY4OC0zNDM2M2JjN2M0YzAiOnsiY3JlYXRlIjo1NDAwMDAwMDAwMDAwLCJkZWxldGUiOjU0MDAwMDAwMDAwMDAsInJlYWQiOjMwMDAwMDAwMDAwMCwidXBkYXRlIjo1NDAwMDAwMDAwMDAwfX0="
        }
      ]
    },
    {
      "mode": "managed",
      "type": "azurerm_resource_group",
      "name": "svc_rg",
      "provider": "provider[\"registry.terraform.io/hashicorp/azurerm\"]",
      "instances": [
        {
          "schema_version": 0,
          "attributes": {
            "id": "/subscriptions/52c8334e-33c1-4df4-bba5-859bf96b7377/resourceGroups/rg-pdz-core-prod-centralus",
            "location": "centralus",
            "name": "rg-pdz-core-prod-centralus",
            "tags": null,
            "timeouts": null
          },
          "sensitive_attributes": [],
          "private": "eyJlMmJmYjczMC1lY2FhLTExZTYtOGY4OC0zNDM2M2JjN2M0YzAiOnsiY3JlYXRlIjo1NDAwMDAwMDAwMDAwLCJkZWxldGUiOjU0MDAwMDAwMDAwMDAsInJlYWQiOjMwMDAwMDAwMDAwMCwidXBkYXRlIjo1NDAwMDAwMDAwMDAwfX0="
        }
      ]
    },
    {
      "mode": "managed",
      "type": "random_string",
      "name": "random",
      "provider": "provider[\"registry.terraform.io/hashicorp/random\"]",
      "instances": [
        {
          "schema_version": 1,
          "attributes": {
            "id": "x1hz3xft",
            "keepers": null,
            "length": 8,
            "lower": true,
            "min_lower": 0,
            "min_numeric": 0,
            "min_special": 0,
            "min_upper": 0,
            "number": true,
            "override_special": null,
            "result": "x1hz3xft",
            "special": false,
            "upper": false
          },
          "sensitive_attributes": [],
          "private": "eyJzY2hlbWFfdmVyc2lvbiI6IjEifQ=="
        }
      ]
    },
    {
      "module": "module.acr",
      "mode": "managed",
      "type": "azurerm_container_registry",
      "name": "acr",
      "provider": "provider[\"registry.terraform.io/hashicorp/azurerm\"]",
      "instances": [
        {
          "schema_version": 2,
          "attributes": {
            "admin_enabled": false,
            "admin_password": "",
            "admin_username": "",
            "encryption": [
              {
                "enabled": false,
                "identity_client_id": "",
                "key_vault_key_id": ""
              }
            ],
            "georeplication_locations": [],
            "georeplications": [],
            "id": "/subscriptions/52c8334e-33c1-4df4-bba5-859bf96b7377/resourceGroups/rg-shared-mlw-spoke-centralus/providers/Microsoft.ContainerRegistry/registries/acrx1hz3xft",
            "identity": [],
            "location": "centralus",
            "login_server": "acrx1hz3xft.azurecr.io",
            "name": "acrx1hz3xft",
            "network_rule_set": [
              {
                "default_action": "Deny",
                "ip_rule": null,
                "virtual_network": null
              }
            ],
            "public_network_access_enabled": false,
            "quarantine_policy_enabled": false,
            "resource_group_name": "rg-shared-mlw-spoke-centralus",
            "retention_policy": [
              {
                "days": 7,
                "enabled": false
              }
            ],
            "sku": "Premium",
            "storage_account_id": null,
            "tags": null,
            "timeouts": null,
            "trust_policy": [
              {
                "enabled": false
              }
            ],
            "zone_redundancy_enabled": false
          },
          "sensitive_attributes": [],
          "private": "eyJlMmJmYjczMC1lY2FhLTExZTYtOGY4OC0zNDM2M2JjN2M0YzAiOnsiY3JlYXRlIjoxODAwMDAwMDAwMDAwLCJkZWxldGUiOjE4MDAwMDAwMDAwMDAsInJlYWQiOjMwMDAwMDAwMDAwMCwidXBkYXRlIjoxODAwMDAwMDAwMDAwfSwic2NoZW1hX3ZlcnNpb24iOiIyIn0=",
          "dependencies": [
            "azurerm_resource_group.spoke_shared_rg",
            "random_string.random"
          ]
        }
      ]
    },
    {
      "module": "module.acr",
      "mode": "managed",
      "type": "azurerm_private_endpoint",
      "name": "acr_pe",
      "provider": "provider[\"registry.terraform.io/hashicorp/azurerm\"]",
      "instances": [
        {
          "schema_version": 0,
          "attributes": {
            "custom_dns_configs": [],
            "id": "/subscriptions/52c8334e-33c1-4df4-bba5-859bf96b7377/resourceGroups/rg-shared-mlw-spoke-centralus/providers/Microsoft.Network/privateEndpoints/acr-endpoint",
            "location": "centralus",
            "name": "acr-endpoint",
            "private_dns_zone_configs": [
              {
                "id": "/subscriptions/52c8334e-33c1-4df4-bba5-859bf96b7377/resourceGroups/rg-shared-mlw-spoke-centralus/providers/Microsoft.Network/privateEndpoints/acr-endpoint/privateDnsZoneGroups/privatelink.azurecr.io/privateDnsZoneConfigs/privatelink.azurecr.io",
                "name": "privatelink.azurecr.io",
                "private_dns_zone_id": "/subscriptions/52c8334e-33c1-4df4-bba5-859bf96b7377/resourceGroups/rg-pdz-core-prod-centralus/providers/Microsoft.Network/privateDnsZones/privatelink.azurecr.io",
                "record_sets": [
                  {
                    "fqdn": "acrx1hz3xft.centralus.data.privatelink.azurecr.io",
                    "ip_addresses": [
                      "10.3.3.7"
                    ],
                    "name": "acrx1hz3xft.centralus.data",
                    "ttl": 10,
                    "type": "A"
                  },
                  {
                    "fqdn": "acrx1hz3xft.privatelink.azurecr.io",
                    "ip_addresses": [
                      "10.3.3.8"
                    ],
                    "name": "acrx1hz3xft",
                    "ttl": 10,
                    "type": "A"
                  }
                ]
              }
            ],
            "private_dns_zone_group": [
              {
                "id": "/subscriptions/52c8334e-33c1-4df4-bba5-859bf96b7377/resourceGroups/rg-shared-mlw-spoke-centralus/providers/Microsoft.Network/privateEndpoints/acr-endpoint/privateDnsZoneGroups/privatelink.azurecr.io",
                "name": "privatelink.azurecr.io",
                "private_dns_zone_ids": [
                  "/subscriptions/52c8334e-33c1-4df4-bba5-859bf96b7377/resourceGroups/rg-pdz-core-prod-centralus/providers/Microsoft.Network/privateDnsZones/privatelink.azurecr.io"
                ]
              }
            ],
            "private_service_connection": [
              {
                "is_manual_connection": false,
                "name": "acr-private-link-connection",
                "private_connection_resource_alias": "",
                "private_connection_resource_id": "/subscriptions/52c8334e-33c1-4df4-bba5-859bf96b7377/resourceGroups/rg-shared-mlw-spoke-centralus/providers/Microsoft.ContainerRegistry/registries/acrx1hz3xft",
                "private_ip_address": "10.3.3.7",
                "request_message": "",
                "subresource_names": [
                  "registry"
                ]
              }
            ],
            "resource_group_name": "rg-shared-mlw-spoke-centralus",
            "subnet_id": "/subscriptions/52c8334e-33c1-4df4-bba5-859bf96b7377/resourceGroups/rg-net-spoke-centralus/providers/Microsoft.Network/virtualNetworks/vnet-spk-centralus/subnets/snet-training",
            "tags": null,
            "timeouts": null
          },
          "sensitive_attributes": [],
          "private": "eyJlMmJmYjczMC1lY2FhLTExZTYtOGY4OC0zNDM2M2JjN2M0YzAiOnsiY3JlYXRlIjozNjAwMDAwMDAwMDAwLCJkZWxldGUiOjM2MDAwMDAwMDAwMDAsInJlYWQiOjMwMDAwMDAwMDAwMCwidXBkYXRlIjozNjAwMDAwMDAwMDAwfX0=",
          "dependencies": [
            "azurerm_resource_group.hub_rg",
            "azurerm_resource_group.spoke_shared_rg",
            "azurerm_resource_group.spoke_vnet_rg",
            "azurerm_resource_group.svc_rg",
            "module.acr.azurerm_container_registry.acr",
            "module.azure_firewall.azurerm_firewall.azure_firewall_instance",
            "module.azure_firewall.azurerm_firewall_policy.base_policy",
            "module.azure_firewall.azurerm_public_ip.azure_firewall",
            "module.azure_firewall.azurerm_subnet.azure_firewall",
            "module.hub_vnet.azurerm_virtual_network.vnet",
            "module.private_dns.azurerm_private_dns_zone.acr_zone",
            "module.spoke_vnet.azurerm_virtual_network.vnet",
            "module.spoke_vnet_training_subnet.azurerm_subnet.vnet",
            "random_string.random"
          ]
        }
      ]
    },
    {
      "module": "module.app_insights",
      "mode": "managed",
      "type": "azurerm_application_insights",
      "name": "app_insights",
      "provider": "provider[\"registry.terraform.io/hashicorp/azurerm\"]",
      "instances": [
        {
          "schema_version": 0,
          "attributes": {
            "app_id": "dcc8caf7-3daa-4d75-8b22-34aa6475da02",
            "application_type": "web",
            "connection_string": "InstrumentationKey=88ee9165-5b1d-4469-bd64-a47ef3b49445;IngestionEndpoint=https://centralus-0.in.applicationinsights.azure.com/",
            "daily_data_cap_in_gb": 100,
            "daily_data_cap_notifications_disabled": false,
            "disable_ip_masking": false,
            "id": "/subscriptions/52c8334e-33c1-4df4-bba5-859bf96b7377/resourceGroups/rg-shared-mlw-spoke-centralus/providers/microsoft.insights/components/appi-x1hz3xft",
            "instrumentation_key": "88ee9165-5b1d-4469-bd64-a47ef3b49445",
            "local_authentication_disabled": false,
            "location": "centralus",
            "name": "appi-x1hz3xft",
            "resource_group_name": "rg-shared-mlw-spoke-centralus",
            "retention_in_days": 90,
            "sampling_percentage": 100,
            "tags": null,
            "timeouts": null,
            "workspace_id": null
          },
          "sensitive_attributes": [],
          "private": "eyJlMmJmYjczMC1lY2FhLTExZTYtOGY4OC0zNDM2M2JjN2M0YzAiOnsiY3JlYXRlIjoxODAwMDAwMDAwMDAwLCJkZWxldGUiOjE4MDAwMDAwMDAwMDAsInJlYWQiOjMwMDAwMDAwMDAwMCwidXBkYXRlIjoxODAwMDAwMDAwMDAwfX0=",
          "dependencies": [
            "azurerm_resource_group.spoke_shared_rg",
            "random_string.random"
          ]
        }
      ]
    },
    {
      "module": "module.azure_firewall",
      "mode": "managed",
      "type": "azurerm_firewall",
      "name": "azure_firewall_instance",
      "provider": "provider[\"registry.terraform.io/hashicorp/azurerm\"]",
      "instances": [
        {
          "schema_version": 0,
          "attributes": {
            "dns_servers": null,
            "firewall_policy_id": "/subscriptions/52c8334e-33c1-4df4-bba5-859bf96b7377/resourceGroups/rg-net-core-hub-centralus/providers/Microsoft.Network/firewallPolicies/afwp-base",
            "id": "/subscriptions/52c8334e-33c1-4df4-bba5-859bf96b7377/resourceGroups/rg-net-core-hub-centralus/providers/Microsoft.Network/azureFirewalls/afw-x1hz3xft",
            "ip_configuration": [
              {
                "name": "configuration",
                "private_ip_address": "10.1.4.4",
                "public_ip_address_id": "/subscriptions/52c8334e-33c1-4df4-bba5-859bf96b7377/resourceGroups/rg-net-core-hub-centralus/providers/Microsoft.Network/publicIPAddresses/pip-azfw",
                "subnet_id": "/subscriptions/52c8334e-33c1-4df4-bba5-859bf96b7377/resourceGroups/rg-net-core-hub-centralus/providers/Microsoft.Network/virtualNetworks/vnet-hub-centralus/subnets/AzureFirewallSubnet"
              }
            ],
            "location": "centralus",
            "management_ip_configuration": [],
            "name": "afw-x1hz3xft",
            "private_ip_ranges": null,
            "resource_group_name": "rg-net-core-hub-centralus",
            "sku_name": "AZFW_VNet",
            "sku_tier": "Standard",
            "tags": null,
            "threat_intel_mode": "Alert",
            "timeouts": {
              "create": "60m",
              "delete": "2h",
              "read": null,
              "update": null
            },
            "virtual_hub": [],
            "zones": null
          },
          "sensitive_attributes": [],
          "private": "eyJlMmJmYjczMC1lY2FhLTExZTYtOGY4OC0zNDM2M2JjN2M0YzAiOnsiY3JlYXRlIjozNjAwMDAwMDAwMDAwLCJkZWxldGUiOjcyMDAwMDAwMDAwMDAsInJlYWQiOjMwMDAwMDAwMDAwMCwidXBkYXRlIjo1NDAwMDAwMDAwMDAwfX0=",
          "dependencies": [
            "azurerm_resource_group.hub_rg",
            "module.azure_firewall.azurerm_firewall_policy.base_policy",
            "module.azure_firewall.azurerm_public_ip.azure_firewall",
            "module.azure_firewall.azurerm_subnet.azure_firewall",
            "module.hub_vnet.azurerm_virtual_network.vnet",
            "random_string.random"
          ]
        }
      ]
    },
    {
      "module": "module.azure_firewall",
      "mode": "managed",
      "type": "azurerm_firewall_policy",
      "name": "base_policy",
      "provider": "provider[\"registry.terraform.io/hashicorp/azurerm\"]",
      "instances": [
        {
          "schema_version": 0,
          "attributes": {
            "base_policy_id": "",
            "child_policies": [],
            "dns": [
              {
                "network_rule_fqdn_enabled": false,
                "proxy_enabled": true,
                "servers": null
              }
            ],
            "firewalls": [],
            "id": "/subscriptions/52c8334e-33c1-4df4-bba5-859bf96b7377/resourceGroups/rg-net-core-hub-centralus/providers/Microsoft.Network/firewallPolicies/afwp-base",
            "identity": [],
            "intrusion_detection": [],
            "location": "centralus",
            "name": "afwp-base",
            "private_ip_ranges": null,
            "resource_group_name": "rg-net-core-hub-centralus",
            "rule_collection_groups": [],
            "sku": "Standard",
            "tags": null,
            "threat_intelligence_allowlist": [],
            "threat_intelligence_mode": "Alert",
            "timeouts": null,
            "tls_certificate": []
          },
          "sensitive_attributes": [],
          "private": "eyJlMmJmYjczMC1lY2FhLTExZTYtOGY4OC0zNDM2M2JjN2M0YzAiOnsiY3JlYXRlIjoxODAwMDAwMDAwMDAwLCJkZWxldGUiOjE4MDAwMDAwMDAwMDAsInJlYWQiOjMwMDAwMDAwMDAwMCwidXBkYXRlIjoxODAwMDAwMDAwMDAwfX0=",
          "dependencies": [
            "azurerm_resource_group.hub_rg"
          ]
        }
      ]
    },
    {
      "module": "module.azure_firewall",
      "mode": "managed",
      "type": "azurerm_firewall_policy_rule_collection_group",
      "name": "aks_rule_collection",
      "provider": "provider[\"registry.terraform.io/hashicorp/azurerm\"]",
      "instances": [
        {
          "schema_version": 0,
          "attributes": {
            "application_rule_collection": [
              {
                "action": "Allow",
                "name": "aks-app-rule-collection",
                "priority": 200,
                "rule": [
                  {
                    "description": "",
                    "destination_addresses": [],
                    "destination_fqdn_tags": [
                      "AzureKubernetesService"
                    ],
                    "destination_fqdns": [],
                    "destination_urls": [],
                    "name": "aks-service-tag",
                    "protocols": [
                      {
                        "port": 443,
                        "type": "Https"
                      }
                    ],
                    "source_addresses": [],
                    "source_ip_groups": [
                      "/subscriptions/52c8334e-33c1-4df4-bba5-859bf96b7377/resourceGroups/rg-net-core-hub-centralus/providers/Microsoft.Network/ipGroups/mlw-spoke-ipgroup"
                    ],
                    "terminate_tls": null,
                    "web_categories": []
                  },
                  {
                    "description": "",
                    "destination_addresses": [],
                    "destination_fqdn_tags": [],
                    "destination_fqdns": [
                      "*.azurecr.io",
                      "*.docker.io",
                      "acs-mirror.azureedge.net",
                      "production.cloudflare.docker.com"
                    ],
                    "destination_urls": [],
                    "name": "aks-acs-rules",
                    "protocols": [
                      {
                        "port": 443,
                        "type": "Https"
                      }
                    ],
                    "source_addresses": [],
                    "source_ip_groups": [
                      "/subscriptions/52c8334e-33c1-4df4-bba5-859bf96b7377/resourceGroups/rg-net-core-hub-centralus/providers/Microsoft.Network/ipGroups/mlw-spoke-ipgroup"
                    ],
                    "terminate_tls": null,
                    "web_categories": []
                  },
                  {
                    "description": "",
                    "destination_addresses": [],
                    "destination_fqdn_tags": [],
                    "destination_fqdns": [
                      "*.prod.microsoftmetrics.com"
                    ],
                    "destination_urls": [],
                    "name": "microsoft-metrics-rules",
                    "protocols": [
                      {
                        "port": 443,
                        "type": "Https"
                      }
                    ],
                    "source_addresses": [],
                    "source_ip_groups": [
                      "/subscriptions/52c8334e-33c1-4df4-bba5-859bf96b7377/resourceGroups/rg-net-core-hub-centralus/providers/Microsoft.Network/ipGroups/mlw-spoke-ipgroup"
                    ],
                    "terminate_tls": null,
                    "web_categories": []
                  },
                  {
                    "description": "",
                    "destination_addresses": [],
                    "destination_fqdn_tags": [],
                    "destination_fqdns": [
                      "api.snapcraft.io",
                      "motd.ubuntu.com"
                    ],
                    "destination_urls": [],
                    "name": "ubuntu-libraries",
                    "protocols": [
                      {
                        "port": 443,
                        "type": "Https"
                      }
                    ],
                    "source_addresses": [],
                    "source_ip_groups": [
                      "/subscriptions/52c8334e-33c1-4df4-bba5-859bf96b7377/resourceGroups/rg-net-core-hub-centralus/providers/Microsoft.Network/ipGroups/mlw-spoke-ipgroup"
                    ],
                    "terminate_tls": null,
                    "web_categories": []
                  },
                  {
                    "description": "",
                    "destination_addresses": [],
                    "destination_fqdn_tags": [],
                    "destination_fqdns": [
                      "crl.microsoft.com",
                      "crl3.digicert.com",
                      "mscrl.microsoft.com",
                      "ocsp.digicert.com"
                    ],
                    "destination_urls": [],
                    "name": "microsoft-crls",
                    "protocols": [
                      {
                        "port": 80,
                        "type": "Http"
                      }
                    ],
                    "source_addresses": [],
                    "source_ip_groups": [
                      "/subscriptions/52c8334e-33c1-4df4-bba5-859bf96b7377/resourceGroups/rg-net-core-hub-centralus/providers/Microsoft.Network/ipGroups/mlw-spoke-ipgroup"
                    ],
                    "terminate_tls": null,
                    "web_categories": []
                  },
                  {
                    "description": "",
                    "destination_addresses": [],
                    "destination_fqdn_tags": [],
                    "destination_fqdns": [
                      "github.com"
                    ],
                    "destination_urls": [],
                    "name": "github-rules",
                    "protocols": [
                      {
                        "port": 443,
                        "type": "Https"
                      }
                    ],
                    "source_addresses": [],
                    "source_ip_groups": [
                      "/subscriptions/52c8334e-33c1-4df4-bba5-859bf96b7377/resourceGroups/rg-net-core-hub-centralus/providers/Microsoft.Network/ipGroups/mlw-spoke-ipgroup"
                    ],
                    "terminate_tls": null,
                    "web_categories": []
                  },
                  {
                    "description": "",
                    "destination_addresses": [],
                    "destination_fqdn_tags": [],
                    "destination_fqdns": [
                      "login.microsoftonline.com"
                    ],
                    "destination_urls": [],
                    "name": "microsoft-login-rules",
                    "protocols": [
                      {
                        "port": 443,
                        "type": "Https"
                      }
                    ],
                    "source_addresses": [],
                    "source_ip_groups": [
                      "/subscriptions/52c8334e-33c1-4df4-bba5-859bf96b7377/resourceGroups/rg-net-core-hub-centralus/providers/Microsoft.Network/ipGroups/mlw-spoke-ipgroup"
                    ],
                    "terminate_tls": null,
                    "web_categories": []
                  }
                ]
              }
            ],
            "firewall_policy_id": "/subscriptions/52c8334e-33c1-4df4-bba5-859bf96b7377/resourceGroups/rg-net-core-hub-centralus/providers/Microsoft.Network/firewallPolicies/afwp-base",
            "id": "/subscriptions/52c8334e-33c1-4df4-bba5-859bf96b7377/resourceGroups/rg-net-core-hub-centralus/providers/Microsoft.Network/firewallPolicies/afwp-base/ruleCollectionGroups/aks-afwpolicy-rcg",
            "name": "aks-afwpolicy-rcg",
            "nat_rule_collection": [],
            "network_rule_collection": [
              {
                "action": "Allow",
                "name": "aks-network-rule-collection",
                "priority": 100,
                "rule": [
                  {
                    "destination_addresses": [
                      "*"
                    ],
                    "destination_fqdns": [],
                    "destination_ip_groups": [],
                    "destination_ports": [
                      "123"
                    ],
                    "name": "aks-ntp-network-rule",
                    "protocols": [
                      "UDP"
                    ],
                    "source_addresses": [],
                    "source_ip_groups": [
                      "/subscriptions/52c8334e-33c1-4df4-bba5-859bf96b7377/resourceGroups/rg-net-core-hub-centralus/providers/Microsoft.Network/ipGroups/mlw-spoke-ipgroup"
                    ]
                  },
                  {
                    "destination_addresses": [
                      "AzureCloud"
                    ],
                    "destination_fqdns": [],
                    "destination_ip_groups": [],
                    "destination_ports": [
                      "443",
                      "9000"
                    ],
                    "name": "aks-global-network-rule",
                    "protocols": [
                      "TCP"
                    ],
                    "source_addresses": [],
                    "source_ip_groups": [
                      "/subscriptions/52c8334e-33c1-4df4-bba5-859bf96b7377/resourceGroups/rg-net-core-hub-centralus/providers/Microsoft.Network/ipGroups/mlw-spoke-ipgroup"
                    ]
                  }
                ]
              }
            ],
            "priority": 200,
            "timeouts": null
          },
          "sensitive_attributes": [],
          "private": "eyJlMmJmYjczMC1lY2FhLTExZTYtOGY4OC0zNDM2M2JjN2M0YzAiOnsiY3JlYXRlIjoxODAwMDAwMDAwMDAwLCJkZWxldGUiOjE4MDAwMDAwMDAwMDAsInJlYWQiOjMwMDAwMDAwMDAwMCwidXBkYXRlIjoxODAwMDAwMDAwMDAwfX0=",
          "dependencies": [
            "azurerm_ip_group.ip_group_mlw_spoke",
            "azurerm_resource_group.hub_rg",
            "module.azure_firewall.azurerm_firewall_policy.base_policy"
          ]
        }
      ]
    },
    {
      "module": "module.azure_firewall",
      "mode": "managed",
      "type": "azurerm_firewall_policy_rule_collection_group",
      "name": "hub_to_spoke_rule_collection",
      "provider": "provider[\"registry.terraform.io/hashicorp/azurerm\"]",
      "instances": [
        {
          "schema_version": 0,
          "attributes": {
            "application_rule_collection": [],
            "firewall_policy_id": "/subscriptions/52c8334e-33c1-4df4-bba5-859bf96b7377/resourceGroups/rg-net-core-hub-centralus/providers/Microsoft.Network/firewallPolicies/afwp-base",
            "id": "/subscriptions/52c8334e-33c1-4df4-bba5-859bf96b7377/resourceGroups/rg-net-core-hub-centralus/providers/Microsoft.Network/firewallPolicies/afwp-base/ruleCollectionGroups/hub-to-spoke-afwpolicy-rcg",
            "name": "hub-to-spoke-afwpolicy-rcg",
            "nat_rule_collection": [],
            "network_rule_collection": [
              {
                "action": "Allow",
                "name": "hub-to-spoke-network-rule-collection",
                "priority": 100,
                "rule": [
                  {
                    "destination_addresses": [],
                    "destination_fqdns": [],
                    "destination_ip_groups": [
                      "/subscriptions/52c8334e-33c1-4df4-bba5-859bf96b7377/resourceGroups/rg-net-core-hub-centralus/providers/Microsoft.Network/ipGroups/hub-ipgroup"
                    ],
                    "destination_ports": [
                      "*"
                    ],
                    "name": "hub-to-spoke-global-network-rule",
                    "protocols": [
                      "Any"
                    ],
                    "source_addresses": [],
                    "source_ip_groups": [
                      "/subscriptions/52c8334e-33c1-4df4-bba5-859bf96b7377/resourceGroups/rg-net-core-hub-centralus/providers/Microsoft.Network/ipGroups/mlw-spoke-ipgroup"
                    ]
                  }
                ]
              }
            ],
            "priority": 110,
            "timeouts": null
          },
          "sensitive_attributes": [],
          "private": "eyJlMmJmYjczMC1lY2FhLTExZTYtOGY4OC0zNDM2M2JjN2M0YzAiOnsiY3JlYXRlIjoxODAwMDAwMDAwMDAwLCJkZWxldGUiOjE4MDAwMDAwMDAwMDAsInJlYWQiOjMwMDAwMDAwMDAwMCwidXBkYXRlIjoxODAwMDAwMDAwMDAwfX0=",
          "dependencies": [
            "azurerm_ip_group.ip_group_hub",
            "azurerm_ip_group.ip_group_mlw_spoke",
            "azurerm_resource_group.hub_rg",
            "module.azure_firewall.azurerm_firewall_policy.base_policy"
          ]
        }
      ]
    },
    {
      "module": "module.azure_firewall",
      "mode": "managed",
      "type": "azurerm_firewall_policy_rule_collection_group",
      "name": "mlw_rule_collection",
      "provider": "provider[\"registry.terraform.io/hashicorp/azurerm\"]",
      "instances": [
        {
          "schema_version": 0,
          "attributes": {
            "application_rule_collection": [
              {
                "action": "Allow",
                "name": "mlw-app-rule-collection",
                "priority": 200,
                "rule": [
                  {
                    "description": "",
                    "destination_addresses": [],
                    "destination_fqdn_tags": [],
                    "destination_fqdns": [
                      "*.anaconda.com",
                      "anaconda.com"
                    ],
                    "destination_urls": [],
                    "name": "anaconda.com",
                    "protocols": [
                      {
                        "port": 443,
                        "type": "Https"
                      },
                      {
                        "port": 80,
                        "type": "Http"
                      }
                    ],
                    "source_addresses": [],
                    "source_ip_groups": [
                      "/subscriptions/52c8334e-33c1-4df4-bba5-859bf96b7377/resourceGroups/rg-net-core-hub-centralus/providers/Microsoft.Network/ipGroups/mlw-spoke-ipgroup"
                    ],
                    "terminate_tls": null,
                    "web_categories": []
                  },
                  {
                    "description": "",
                    "destination_addresses": [],
                    "destination_fqdn_tags": [],
                    "destination_fqdns": [
                      "*.anaconda.org"
                    ],
                    "destination_urls": [],
                    "name": "anaconda.org",
                    "protocols": [
                      {
                        "port": 443,
                        "type": "Https"
                      },
                      {
                        "port": 80,
                        "type": "Http"
                      }
                    ],
                    "source_addresses": [],
                    "source_ip_groups": [
                      "/subscriptions/52c8334e-33c1-4df4-bba5-859bf96b7377/resourceGroups/rg-net-core-hub-centralus/providers/Microsoft.Network/ipGroups/mlw-spoke-ipgroup"
                    ],
                    "terminate_tls": null,
                    "web_categories": []
                  },
                  {
                    "description": "",
                    "destination_addresses": [],
                    "destination_fqdn_tags": [],
                    "destination_fqdns": [
                      "*.tensorflow.org"
                    ],
                    "destination_urls": [],
                    "name": "tensorflow.org",
                    "protocols": [
                      {
                        "port": 443,
                        "type": "Https"
                      },
                      {
                        "port": 80,
                        "type": "Http"
                      }
                    ],
                    "source_addresses": [],
                    "source_ip_groups": [
                      "/subscriptions/52c8334e-33c1-4df4-bba5-859bf96b7377/resourceGroups/rg-net-core-hub-centralus/providers/Microsoft.Network/ipGroups/mlw-spoke-ipgroup"
                    ],
                    "terminate_tls": null,
                    "web_categories": []
                  },
                  {
                    "description": "",
                    "destination_addresses": [],
                    "destination_fqdn_tags": [],
                    "destination_fqdns": [
                      "*.vo.msecnd.net",
                      "update.code.visualstudio.com"
                    ],
                    "destination_urls": [],
                    "name": "update.code.visualstudio.com",
                    "protocols": [
                      {
                        "port": 443,
                        "type": "Https"
                      },
                      {
                        "port": 80,
                        "type": "Http"
                      }
                    ],
                    "source_addresses": [],
                    "source_ip_groups": [
                      "/subscriptions/52c8334e-33c1-4df4-bba5-859bf96b7377/resourceGroups/rg-net-core-hub-centralus/providers/Microsoft.Network/ipGroups/mlw-spoke-ipgroup"
                    ],
                    "terminate_tls": null,
                    "web_categories": []
                  },
                  {
                    "description": "",
                    "destination_addresses": [],
                    "destination_fqdn_tags": [],
                    "destination_fqdns": [
                      "*pytorch.org"
                    ],
                    "destination_urls": [],
                    "name": "pytorch.org",
                    "protocols": [
                      {
                        "port": 443,
                        "type": "Https"
                      },
                      {
                        "port": 80,
                        "type": "Http"
                      }
                    ],
                    "source_addresses": [],
                    "source_ip_groups": [
                      "/subscriptions/52c8334e-33c1-4df4-bba5-859bf96b7377/resourceGroups/rg-net-core-hub-centralus/providers/Microsoft.Network/ipGroups/mlw-spoke-ipgroup"
                    ],
                    "terminate_tls": null,
                    "web_categories": []
                  },
                  {
                    "description": "",
                    "destination_addresses": [],
                    "destination_fqdn_tags": [],
                    "destination_fqdns": [
                      "cloud.r-project.org"
                    ],
                    "destination_urls": [],
                    "name": "cloud.r-project.org",
                    "protocols": [
                      {
                        "port": 443,
                        "type": "Https"
                      },
                      {
                        "port": 80,
                        "type": "Http"
                      }
                    ],
                    "source_addresses": [],
                    "source_ip_groups": [
                      "/subscriptions/52c8334e-33c1-4df4-bba5-859bf96b7377/resourceGroups/rg-net-core-hub-centralus/providers/Microsoft.Network/ipGroups/mlw-spoke-ipgroup"
                    ],
                    "terminate_tls": null,
                    "web_categories": []
                  },
                  {
                    "description": "",
                    "destination_addresses": [],
                    "destination_fqdn_tags": [],
                    "destination_fqdns": [
                      "dc.applicationinsights.azure.com"
                    ],
                    "destination_urls": [],
                    "name": "dc.applicationinsights.azure.com",
                    "protocols": [
                      {
                        "port": 443,
                        "type": "Https"
                      },
                      {
                        "port": 80,
                        "type": "Http"
                      }
                    ],
                    "source_addresses": [],
                    "source_ip_groups": [
                      "/subscriptions/52c8334e-33c1-4df4-bba5-859bf96b7377/resourceGroups/rg-net-core-hub-centralus/providers/Microsoft.Network/ipGroups/mlw-spoke-ipgroup"
                    ],
                    "terminate_tls": null,
                    "web_categories": []
                  },
                  {
                    "description": "",
                    "destination_addresses": [],
                    "destination_fqdn_tags": [],
                    "destination_fqdns": [
                      "dc.applicationinsights.microsoft.com"
                    ],
                    "destination_urls": [],
                    "name": "dc.applicationinsights.microsoft.com",
                    "protocols": [
                      {
                        "port": 443,
                        "type": "Https"
                      },
                      {
                        "port": 80,
                        "type": "Http"
                      }
                    ],
                    "source_addresses": [],
                    "source_ip_groups": [
                      "/subscriptions/52c8334e-33c1-4df4-bba5-859bf96b7377/resourceGroups/rg-net-core-hub-centralus/providers/Microsoft.Network/ipGroups/mlw-spoke-ipgroup"
                    ],
                    "terminate_tls": null,
                    "web_categories": []
                  },
                  {
                    "description": "",
                    "destination_addresses": [],
                    "destination_fqdn_tags": [],
                    "destination_fqdns": [
                      "dc.services.visualstudio.com"
                    ],
                    "destination_urls": [],
                    "name": "dc.services.visualstudio.com",
                    "protocols": [
                      {
                        "port": 443,
                        "type": "Https"
                      },
                      {
                        "port": 80,
                        "type": "Http"
                      }
                    ],
                    "source_addresses": [],
                    "source_ip_groups": [
                      "/subscriptions/52c8334e-33c1-4df4-bba5-859bf96b7377/resourceGroups/rg-net-core-hub-centralus/providers/Microsoft.Network/ipGroups/mlw-spoke-ipgroup"
                    ],
                    "terminate_tls": null,
                    "web_categories": []
                  },
                  {
                    "description": "",
                    "destination_addresses": [],
                    "destination_fqdn_tags": [],
                    "destination_fqdns": [
                      "graph.windows.net"
                    ],
                    "destination_urls": [],
                    "name": "graph.windows.net",
                    "protocols": [
                      {
                        "port": 443,
                        "type": "Https"
                      },
                      {
                        "port": 80,
                        "type": "Http"
                      }
                    ],
                    "source_addresses": [],
                    "source_ip_groups": [
                      "/subscriptions/52c8334e-33c1-4df4-bba5-859bf96b7377/resourceGroups/rg-net-core-hub-centralus/providers/Microsoft.Network/ipGroups/mlw-spoke-ipgroup"
                    ],
                    "terminate_tls": null,
                    "web_categories": []
                  },
                  {
                    "description": "",
                    "destination_addresses": [],
                    "destination_fqdn_tags": [],
                    "destination_fqdns": [
                      "pypi.org"
                    ],
                    "destination_urls": [],
                    "name": "pypi.org",
                    "protocols": [
                      {
                        "port": 443,
                        "type": "Https"
                      },
                      {
                        "port": 80,
                        "type": "Http"
                      }
                    ],
                    "source_addresses": [],
                    "source_ip_groups": [
                      "/subscriptions/52c8334e-33c1-4df4-bba5-859bf96b7377/resourceGroups/rg-net-core-hub-centralus/providers/Microsoft.Network/ipGroups/mlw-spoke-ipgroup"
                    ],
                    "terminate_tls": null,
                    "web_categories": []
                  }
                ]
              }
            ],
            "firewall_policy_id": "/subscriptions/52c8334e-33c1-4df4-bba5-859bf96b7377/resourceGroups/rg-net-core-hub-centralus/providers/Microsoft.Network/firewallPolicies/afwp-base",
            "id": "/subscriptions/52c8334e-33c1-4df4-bba5-859bf96b7377/resourceGroups/rg-net-core-hub-centralus/providers/Microsoft.Network/firewallPolicies/afwp-base/ruleCollectionGroups/mlw-afwpolicy-rcg",
            "name": "mlw-afwpolicy-rcg",
            "nat_rule_collection": [],
            "network_rule_collection": [
              {
                "action": "Allow",
                "name": "mlw-network-rule-collection",
                "priority": 100,
                "rule": [
                  {
                    "destination_addresses": [
                      "AzureActiveDirectory"
                    ],
                    "destination_fqdns": [],
                    "destination_ip_groups": [],
                    "destination_ports": [
                      "*"
                    ],
                    "name": "Azure-Active-Directory",
                    "protocols": [
                      "TCP"
                    ],
                    "source_addresses": [],
                    "source_ip_groups": [
                      "/subscriptions/52c8334e-33c1-4df4-bba5-859bf96b7377/resourceGroups/rg-net-core-hub-centralus/providers/Microsoft.Network/ipGroups/mlw-spoke-ipgroup"
                    ]
                  },
                  {
                    "destination_addresses": [
                      "AzureContainerRegistry"
                    ],
                    "destination_fqdns": [],
                    "destination_ip_groups": [],
                    "destination_ports": [
                      "443"
                    ],
                    "name": "Azure-Container-Registry",
                    "protocols": [
                      "TCP"
                    ],
                    "source_addresses": [],
                    "source_ip_groups": [
                      "/subscriptions/52c8334e-33c1-4df4-bba5-859bf96b7377/resourceGroups/rg-net-core-hub-centralus/providers/Microsoft.Network/ipGroups/mlw-spoke-ipgroup"
                    ]
                  },
                  {
                    "destination_addresses": [
                      "AzureFrontDoor.Frontend"
                    ],
                    "destination_fqdns": [],
                    "destination_ip_groups": [],
                    "destination_ports": [
                      "443"
                    ],
                    "name": "Azure-Front-Door-Frontend",
                    "protocols": [
                      "TCP"
                    ],
                    "source_addresses": [],
                    "source_ip_groups": [
                      "/subscriptions/52c8334e-33c1-4df4-bba5-859bf96b7377/resourceGroups/rg-net-core-hub-centralus/providers/Microsoft.Network/ipGroups/mlw-spoke-ipgroup"
                    ]
                  },
                  {
                    "destination_addresses": [
                      "AzureKeyVault"
                    ],
                    "destination_fqdns": [],
                    "destination_ip_groups": [],
                    "destination_ports": [
                      "443"
                    ],
                    "name": "Azure-Key-Vault",
                    "protocols": [
                      "TCP"
                    ],
                    "source_addresses": [],
                    "source_ip_groups": [
                      "/subscriptions/52c8334e-33c1-4df4-bba5-859bf96b7377/resourceGroups/rg-net-core-hub-centralus/providers/Microsoft.Network/ipGroups/mlw-spoke-ipgroup"
                    ]
                  },
                  {
                    "destination_addresses": [
                      "AzureMachineLearning"
                    ],
                    "destination_fqdns": [],
                    "destination_ip_groups": [],
                    "destination_ports": [
                      "443"
                    ],
                    "name": "Azure-Machine-Learning",
                    "protocols": [
                      "TCP"
                    ],
                    "source_addresses": [],
                    "source_ip_groups": [
                      "/subscriptions/52c8334e-33c1-4df4-bba5-859bf96b7377/resourceGroups/rg-net-core-hub-centralus/providers/Microsoft.Network/ipGroups/mlw-spoke-ipgroup"
                    ]
                  },
                  {
                    "destination_addresses": [
                      "AzureResourceManager"
                    ],
                    "destination_fqdns": [],
                    "destination_ip_groups": [],
                    "destination_ports": [
                      "443"
                    ],
                    "name": "Azure-Resource-Manager",
                    "protocols": [
                      "TCP"
                    ],
                    "source_addresses": [],
                    "source_ip_groups": [
                      "/subscriptions/52c8334e-33c1-4df4-bba5-859bf96b7377/resourceGroups/rg-net-core-hub-centralus/providers/Microsoft.Network/ipGroups/mlw-spoke-ipgroup"
                    ]
                  },
                  {
                    "destination_addresses": [
                      "MicrosoftContainerRegistry"
                    ],
                    "destination_fqdns": [],
                    "destination_ip_groups": [],
                    "destination_ports": [
                      "443"
                    ],
                    "name": "Microsoft-Container-Registry",
                    "protocols": [
                      "TCP"
                    ],
                    "source_addresses": [],
                    "source_ip_groups": [
                      "/subscriptions/52c8334e-33c1-4df4-bba5-859bf96b7377/resourceGroups/rg-net-core-hub-centralus/providers/Microsoft.Network/ipGroups/mlw-spoke-ipgroup"
                    ]
                  },
                  {
                    "destination_addresses": [
                      "Storage"
                    ],
                    "destination_fqdns": [],
                    "destination_ip_groups": [],
                    "destination_ports": [
                      "443"
                    ],
                    "name": "Azure-Storage",
                    "protocols": [
                      "TCP"
                    ],
                    "source_addresses": [],
                    "source_ip_groups": [
                      "/subscriptions/52c8334e-33c1-4df4-bba5-859bf96b7377/resourceGroups/rg-net-core-hub-centralus/providers/Microsoft.Network/ipGroups/mlw-spoke-ipgroup"
                    ]
                  }
                ]
              }
            ],
            "priority": 300,
            "timeouts": null
          },
          "sensitive_attributes": [],
          "private": "eyJlMmJmYjczMC1lY2FhLTExZTYtOGY4OC0zNDM2M2JjN2M0YzAiOnsiY3JlYXRlIjoxODAwMDAwMDAwMDAwLCJkZWxldGUiOjE4MDAwMDAwMDAwMDAsInJlYWQiOjMwMDAwMDAwMDAwMCwidXBkYXRlIjoxODAwMDAwMDAwMDAwfX0=",
          "dependencies": [
            "azurerm_ip_group.ip_group_mlw_spoke",
            "azurerm_resource_group.hub_rg",
            "module.azure_firewall.azurerm_firewall_policy.base_policy"
          ]
        }
      ]
    },
    {
      "module": "module.azure_firewall",
      "mode": "managed",
      "type": "azurerm_monitor_diagnostic_setting",
      "name": "azfw_diag",
      "provider": "provider[\"registry.terraform.io/hashicorp/azurerm\"]",
      "instances": [
        {
          "schema_version": 0,
          "attributes": {
            "eventhub_authorization_rule_id": "",
            "eventhub_name": "",
            "id": "/subscriptions/52c8334e-33c1-4df4-bba5-859bf96b7377/resourceGroups/rg-net-core-hub-centralus/providers/Microsoft.Network/azureFirewalls/afw-x1hz3xft|monitoring-x1hz3xft",
            "log": [
              {
                "category": "AzureFirewallApplicationRule",
                "enabled": true,
                "retention_policy": [
                  {
                    "days": null,
                    "enabled": false
                  }
                ]
              },
              {
                "category": "AzureFirewallDnsProxy",
                "enabled": true,
                "retention_policy": [
                  {
                    "days": null,
                    "enabled": false
                  }
                ]
              },
              {
                "category": "AzureFirewallNetworkRule",
                "enabled": true,
                "retention_policy": [
                  {
                    "days": null,
                    "enabled": false
                  }
                ]
              }
            ],
            "log_analytics_destination_type": "",
            "log_analytics_workspace_id": "/subscriptions/52c8334e-33c1-4df4-bba5-859bf96b7377/resourceGroups/rg-mon-core-prod-centralus/providers/Microsoft.OperationalInsights/workspaces/log-core-centralus-x1hz3xft",
            "metric": [
              {
                "category": "AllMetrics",
                "enabled": true,
                "retention_policy": [
                  {
                    "days": null,
                    "enabled": false
                  }
                ]
              }
            ],
            "name": "monitoring-x1hz3xft",
            "storage_account_id": "",
            "target_resource_id": "/subscriptions/52c8334e-33c1-4df4-bba5-859bf96b7377/resourceGroups/rg-net-core-hub-centralus/providers/Microsoft.Network/azureFirewalls/afw-x1hz3xft",
            "timeouts": null
          },
          "sensitive_attributes": [],
          "private": "eyJlMmJmYjczMC1lY2FhLTExZTYtOGY4OC0zNDM2M2JjN2M0YzAiOnsiY3JlYXRlIjoxODAwMDAwMDAwMDAwLCJkZWxldGUiOjM2MDAwMDAwMDAwMDAsInJlYWQiOjMwMDAwMDAwMDAwMCwidXBkYXRlIjoxODAwMDAwMDAwMDAwfX0=",
          "dependencies": [
            "azurerm_resource_group.hub_rg",
            "azurerm_resource_group.mon_rg",
            "module.azure_firewall.azurerm_firewall.azure_firewall_instance",
            "module.azure_firewall.azurerm_firewall_policy.base_policy",
            "module.azure_firewall.azurerm_public_ip.azure_firewall",
            "module.azure_firewall.azurerm_subnet.azure_firewall",
            "module.hub_vnet.azurerm_virtual_network.vnet",
            "module.log_analytics.azurerm_log_analytics_workspace.sc_law",
            "random_string.random"
          ]
        }
      ]
    },
    {
      "module": "module.azure_firewall",
      "mode": "managed",
      "type": "azurerm_public_ip",
      "name": "azure_firewall",
      "provider": "provider[\"registry.terraform.io/hashicorp/azurerm\"]",
      "instances": [
        {
          "schema_version": 0,
          "attributes": {
            "allocation_method": "Static",
            "availability_zone": "Zone-Redundant",
            "domain_name_label": null,
            "fqdn": null,
            "id": "/subscriptions/52c8334e-33c1-4df4-bba5-859bf96b7377/resourceGroups/rg-net-core-hub-centralus/providers/Microsoft.Network/publicIPAddresses/pip-azfw",
            "idle_timeout_in_minutes": 4,
            "ip_address": "13.86.6.163",
            "ip_tags": null,
            "ip_version": "IPv4",
            "location": "centralus",
            "name": "pip-azfw",
            "public_ip_prefix_id": null,
            "resource_group_name": "rg-net-core-hub-centralus",
            "reverse_fqdn": null,
            "sku": "Standard",
            "sku_tier": "Regional",
            "tags": null,
            "timeouts": null,
            "zones": []
          },
          "sensitive_attributes": [],
          "private": "eyJlMmJmYjczMC1lY2FhLTExZTYtOGY4OC0zNDM2M2JjN2M0YzAiOnsiY3JlYXRlIjoxODAwMDAwMDAwMDAwLCJkZWxldGUiOjE4MDAwMDAwMDAwMDAsInJlYWQiOjMwMDAwMDAwMDAwMCwidXBkYXRlIjoxODAwMDAwMDAwMDAwfX0=",
          "dependencies": [
            "azurerm_resource_group.hub_rg"
          ]
        }
      ]
    },
    {
      "module": "module.azure_firewall",
      "mode": "managed",
      "type": "azurerm_subnet",
      "name": "azure_firewall",
      "provider": "provider[\"registry.terraform.io/hashicorp/azurerm\"]",
      "instances": [
        {
          "schema_version": 0,
          "attributes": {
            "address_prefix": "10.1.4.0/24",
            "address_prefixes": [
              "10.1.4.0/24"
            ],
            "delegation": [],
            "enforce_private_link_endpoint_network_policies": false,
            "enforce_private_link_service_network_policies": false,
            "id": "/subscriptions/52c8334e-33c1-4df4-bba5-859bf96b7377/resourceGroups/rg-net-core-hub-centralus/providers/Microsoft.Network/virtualNetworks/vnet-hub-centralus/subnets/AzureFirewallSubnet",
            "name": "AzureFirewallSubnet",
            "resource_group_name": "rg-net-core-hub-centralus",
            "service_endpoint_policy_ids": null,
            "service_endpoints": null,
            "timeouts": null,
            "virtual_network_name": "vnet-hub-centralus"
          },
          "sensitive_attributes": [],
          "private": "eyJlMmJmYjczMC1lY2FhLTExZTYtOGY4OC0zNDM2M2JjN2M0YzAiOnsiY3JlYXRlIjoxODAwMDAwMDAwMDAwLCJkZWxldGUiOjE4MDAwMDAwMDAwMDAsInJlYWQiOjMwMDAwMDAwMDAwMCwidXBkYXRlIjoxODAwMDAwMDAwMDAwfX0=",
          "dependencies": [
            "azurerm_resource_group.hub_rg",
            "module.hub_vnet.azurerm_virtual_network.vnet"
          ]
        }
      ]
    },
    {
      "module": "module.bastion",
      "mode": "managed",
      "type": "azurerm_bastion_host",
      "name": "azure_bastion_instance",
      "provider": "provider[\"registry.terraform.io/hashicorp/azurerm\"]",
      "instances": [
        {
          "schema_version": 0,
          "attributes": {
            "dns_name": "bst-e9312fad-6a2b-4411-a9d2-1510b426e66d.bastion.azure.com",
            "id": "/subscriptions/52c8334e-33c1-4df4-bba5-859bf96b7377/resourceGroups/rg-net-core-hub-centralus/providers/Microsoft.Network/bastionHosts/bas-corp-svc",
            "ip_configuration": [
              {
                "name": "configuration",
                "public_ip_address_id": "/subscriptions/52c8334e-33c1-4df4-bba5-859bf96b7377/resourceGroups/rg-net-core-hub-centralus/providers/Microsoft.Network/publicIPAddresses/pip-azure-bastion",
                "subnet_id": "/subscriptions/52c8334e-33c1-4df4-bba5-859bf96b7377/resourceGroups/rg-net-core-hub-centralus/providers/Microsoft.Network/virtualNetworks/vnet-hub-centralus/subnets/AzureBastionSubnet"
              }
            ],
            "location": "centralus",
            "name": "bas-corp-svc",
            "resource_group_name": "rg-net-core-hub-centralus",
            "tags": null,
            "timeouts": null
          },
          "sensitive_attributes": [],
          "private": "eyJlMmJmYjczMC1lY2FhLTExZTYtOGY4OC0zNDM2M2JjN2M0YzAiOnsiY3JlYXRlIjoxODAwMDAwMDAwMDAwLCJkZWxldGUiOjE4MDAwMDAwMDAwMDAsInJlYWQiOjMwMDAwMDAwMDAwMCwidXBkYXRlIjoxODAwMDAwMDAwMDAwfX0=",
          "dependencies": [
            "azurerm_resource_group.hub_rg",
            "module.bastion.azurerm_public_ip.azure_bastion",
            "module.bastion.azurerm_subnet.azure_bastion",
            "module.hub_vnet.azurerm_virtual_network.vnet"
          ]
        }
      ]
    },
    {
      "module": "module.bastion",
      "mode": "managed",
      "type": "azurerm_network_security_group",
      "name": "bastion_nsg",
      "provider": "provider[\"registry.terraform.io/hashicorp/azurerm\"]",
      "instances": [
        {
          "schema_version": 0,
          "attributes": {
            "id": "/subscriptions/52c8334e-33c1-4df4-bba5-859bf96b7377/resourceGroups/rg-net-core-hub-centralus/providers/Microsoft.Network/networkSecurityGroups/nsg-bastion",
            "location": "centralus",
            "name": "nsg-bastion",
            "resource_group_name": "rg-net-core-hub-centralus",
            "security_rule": [
              {
                "access": "Allow",
                "description": "",
                "destination_address_prefix": "*",
                "destination_address_prefixes": [],
                "destination_application_security_group_ids": [],
                "destination_port_range": "443",
                "destination_port_ranges": [],
                "direction": "Inbound",
                "name": "AllowAzureLBInbound",
                "priority": 300,
                "protocol": "Tcp",
                "source_address_prefix": "AzureLoadBalancer",
                "source_address_prefixes": [],
                "source_application_security_group_ids": [],
                "source_port_range": "*",
                "source_port_ranges": []
              },
              {
                "access": "Allow",
                "description": "",
                "destination_address_prefix": "*",
                "destination_address_prefixes": [],
                "destination_application_security_group_ids": [],
                "destination_port_range": "443",
                "destination_port_ranges": [],
                "direction": "Inbound",
                "name": "AllowGatewayManagerInbound",
                "priority": 200,
                "protocol": "Tcp",
                "source_address_prefix": "GatewayManager",
                "source_address_prefixes": [],
                "source_application_security_group_ids": [],
                "source_port_range": "*",
                "source_port_ranges": []
              },
              {
                "access": "Allow",
                "description": "",
                "destination_address_prefix": "*",
                "destination_address_prefixes": [],
                "destination_application_security_group_ids": [],
                "destination_port_range": "443",
                "destination_port_ranges": [],
                "direction": "Inbound",
                "name": "AllowHTTPSInbound",
                "priority": 100,
                "protocol": "Tcp",
                "source_address_prefix": "Internet",
                "source_address_prefixes": [],
                "source_application_security_group_ids": [],
                "source_port_range": "*",
                "source_port_ranges": []
              },
              {
                "access": "Allow",
                "description": "",
                "destination_address_prefix": "AzureCloud",
                "destination_address_prefixes": [],
                "destination_application_security_group_ids": [],
                "destination_port_range": "",
                "destination_port_ranges": [
                  "443"
                ],
                "direction": "Outbound",
                "name": "AllowAzureCloudOutbound",
                "priority": 120,
                "protocol": "Tcp",
                "source_address_prefix": "*",
                "source_address_prefixes": [],
                "source_application_security_group_ids": [],
                "source_port_range": "*",
                "source_port_ranges": []
              },
              {
                "access": "Allow",
                "description": "",
                "destination_address_prefix": "Internet",
                "destination_address_prefixes": [],
                "destination_application_security_group_ids": [],
                "destination_port_range": "",
                "destination_port_ranges": [
                  "80"
                ],
                "direction": "Outbound",
                "name": "AllowGetSessionInformation",
                "priority": 130,
                "protocol": "Tcp",
                "source_address_prefix": "*",
                "source_address_prefixes": [],
                "source_application_security_group_ids": [],
                "source_port_range": "*",
                "source_port_ranges": []
              },
              {
                "access": "Allow",
                "description": "",
                "destination_address_prefix": "VirtualNetwork",
                "destination_address_prefixes": [],
                "destination_application_security_group_ids": [],
                "destination_port_range": "",
                "destination_port_ranges": [
                  "22",
                  "3389"
                ],
                "direction": "Outbound",
                "name": "AllowRdpSshOutbound",
                "priority": 100,
                "protocol": "Tcp",
                "source_address_prefix": "*",
                "source_address_prefixes": [],
                "source_application_security_group_ids": [],
                "source_port_range": "*",
                "source_port_ranges": []
              },
              {
                "access": "Allow",
                "description": "",
                "destination_address_prefix": "VirtualNetwork",
                "destination_address_prefixes": [],
                "destination_application_security_group_ids": [],
                "destination_port_range": "",
                "destination_port_ranges": [
                  "5701",
                  "8080"
                ],
                "direction": "Inbound",
                "name": "AllowBastionHostCommunication",
                "priority": 400,
                "protocol": "*",
                "source_address_prefix": "VirtualNetwork",
                "source_address_prefixes": [],
                "source_application_security_group_ids": [],
                "source_port_range": "*",
                "source_port_ranges": []
              },
              {
                "access": "Allow",
                "description": "",
                "destination_address_prefix": "VirtualNetwork",
                "destination_address_prefixes": [],
                "destination_application_security_group_ids": [],
                "destination_port_range": "",
                "destination_port_ranges": [
                  "5701",
                  "8080"
                ],
                "direction": "Outbound",
                "name": "AllowBastionHostCommunicationOutbound",
                "priority": 110,
                "protocol": "Tcp",
                "source_address_prefix": "VirtualNetwork",
                "source_address_prefixes": [],
                "source_application_security_group_ids": [],
                "source_port_range": "*",
                "source_port_ranges": []
              }
            ],
            "tags": null,
            "timeouts": null
          },
          "sensitive_attributes": [],
          "private": "eyJlMmJmYjczMC1lY2FhLTExZTYtOGY4OC0zNDM2M2JjN2M0YzAiOnsiY3JlYXRlIjoxODAwMDAwMDAwMDAwLCJkZWxldGUiOjE4MDAwMDAwMDAwMDAsInJlYWQiOjMwMDAwMDAwMDAwMCwidXBkYXRlIjoxODAwMDAwMDAwMDAwfX0=",
          "dependencies": [
            "azurerm_resource_group.hub_rg"
          ]
        }
      ]
    },
    {
      "module": "module.bastion",
      "mode": "managed",
      "type": "azurerm_public_ip",
      "name": "azure_bastion",
      "provider": "provider[\"registry.terraform.io/hashicorp/azurerm\"]",
      "instances": [
        {
          "schema_version": 0,
          "attributes": {
            "allocation_method": "Static",
            "availability_zone": "Zone-Redundant",
            "domain_name_label": null,
            "fqdn": null,
            "id": "/subscriptions/52c8334e-33c1-4df4-bba5-859bf96b7377/resourceGroups/rg-net-core-hub-centralus/providers/Microsoft.Network/publicIPAddresses/pip-azure-bastion",
            "idle_timeout_in_minutes": 4,
            "ip_address": "13.86.7.117",
            "ip_tags": null,
            "ip_version": "IPv4",
            "location": "centralus",
            "name": "pip-azure-bastion",
            "public_ip_prefix_id": null,
            "resource_group_name": "rg-net-core-hub-centralus",
            "reverse_fqdn": null,
            "sku": "Standard",
            "sku_tier": "Regional",
            "tags": null,
            "timeouts": null,
            "zones": []
          },
          "sensitive_attributes": [],
          "private": "eyJlMmJmYjczMC1lY2FhLTExZTYtOGY4OC0zNDM2M2JjN2M0YzAiOnsiY3JlYXRlIjoxODAwMDAwMDAwMDAwLCJkZWxldGUiOjE4MDAwMDAwMDAwMDAsInJlYWQiOjMwMDAwMDAwMDAwMCwidXBkYXRlIjoxODAwMDAwMDAwMDAwfX0=",
          "dependencies": [
            "azurerm_resource_group.hub_rg"
          ]
        }
      ]
    },
    {
      "module": "module.bastion",
      "mode": "managed",
      "type": "azurerm_subnet",
      "name": "azure_bastion",
      "provider": "provider[\"registry.terraform.io/hashicorp/azurerm\"]",
      "instances": [
        {
          "schema_version": 0,
          "attributes": {
            "address_prefix": "10.1.3.0/24",
            "address_prefixes": [
              "10.1.3.0/24"
            ],
            "delegation": [],
            "enforce_private_link_endpoint_network_policies": false,
            "enforce_private_link_service_network_policies": false,
            "id": "/subscriptions/52c8334e-33c1-4df4-bba5-859bf96b7377/resourceGroups/rg-net-core-hub-centralus/providers/Microsoft.Network/virtualNetworks/vnet-hub-centralus/subnets/AzureBastionSubnet",
            "name": "AzureBastionSubnet",
            "resource_group_name": "rg-net-core-hub-centralus",
            "service_endpoint_policy_ids": null,
            "service_endpoints": null,
            "timeouts": null,
            "virtual_network_name": "vnet-hub-centralus"
          },
          "sensitive_attributes": [],
          "private": "eyJlMmJmYjczMC1lY2FhLTExZTYtOGY4OC0zNDM2M2JjN2M0YzAiOnsiY3JlYXRlIjoxODAwMDAwMDAwMDAwLCJkZWxldGUiOjE4MDAwMDAwMDAwMDAsInJlYWQiOjMwMDAwMDAwMDAwMCwidXBkYXRlIjoxODAwMDAwMDAwMDAwfX0=",
          "dependencies": [
            "azurerm_resource_group.hub_rg",
            "module.hub_vnet.azurerm_virtual_network.vnet"
          ]
        }
      ]
    },
    {
      "module": "module.bastion",
      "mode": "managed",
      "type": "azurerm_subnet_network_security_group_association",
      "name": "bastion_nsg_assoc",
      "provider": "provider[\"registry.terraform.io/hashicorp/azurerm\"]",
      "instances": [
        {
          "schema_version": 0,
          "attributes": {
            "id": "/subscriptions/52c8334e-33c1-4df4-bba5-859bf96b7377/resourceGroups/rg-net-core-hub-centralus/providers/Microsoft.Network/virtualNetworks/vnet-hub-centralus/subnets/AzureBastionSubnet",
            "network_security_group_id": "/subscriptions/52c8334e-33c1-4df4-bba5-859bf96b7377/resourceGroups/rg-net-core-hub-centralus/providers/Microsoft.Network/networkSecurityGroups/nsg-bastion",
            "subnet_id": "/subscriptions/52c8334e-33c1-4df4-bba5-859bf96b7377/resourceGroups/rg-net-core-hub-centralus/providers/Microsoft.Network/virtualNetworks/vnet-hub-centralus/subnets/AzureBastionSubnet",
            "timeouts": null
          },
          "sensitive_attributes": [],
          "private": "eyJlMmJmYjczMC1lY2FhLTExZTYtOGY4OC0zNDM2M2JjN2M0YzAiOnsiY3JlYXRlIjoxODAwMDAwMDAwMDAwLCJkZWxldGUiOjE4MDAwMDAwMDAwMDAsInJlYWQiOjMwMDAwMDAwMDAwMCwidXBkYXRlIjoxODAwMDAwMDAwMDAwfX0=",
          "dependencies": [
            "azurerm_resource_group.hub_rg",
            "module.bastion.azurerm_bastion_host.azure_bastion_instance",
            "module.bastion.azurerm_network_security_group.bastion_nsg",
            "module.bastion.azurerm_public_ip.azure_bastion",
            "module.bastion.azurerm_subnet.azure_bastion",
            "module.hub_vnet.azurerm_virtual_network.vnet"
          ]
        }
      ]
    },
    {
      "module": "module.hub_vnet",
      "mode": "managed",
      "type": "azurerm_virtual_network",
      "name": "vnet",
      "provider": "provider[\"registry.terraform.io/hashicorp/azurerm\"]",
      "instances": [
        {
          "schema_version": 0,
          "attributes": {
            "address_space": [
              "10.1.0.0/16"
            ],
            "bgp_community": "",
            "ddos_protection_plan": [],
            "dns_servers": [
              "168.63.129.16"
            ],
            "guid": "83306279-4c40-4076-a225-26cc93eb58e5",
            "id": "/subscriptions/52c8334e-33c1-4df4-bba5-859bf96b7377/resourceGroups/rg-net-core-hub-centralus/providers/Microsoft.Network/virtualNetworks/vnet-hub-centralus",
            "location": "centralus",
            "name": "vnet-hub-centralus",
            "resource_group_name": "rg-net-core-hub-centralus",
            "subnet": [],
            "tags": {
              "application": "networking"
            },
            "timeouts": null,
            "vm_protection_enabled": false
          },
          "sensitive_attributes": [],
          "private": "eyJlMmJmYjczMC1lY2FhLTExZTYtOGY4OC0zNDM2M2JjN2M0YzAiOnsiY3JlYXRlIjoxODAwMDAwMDAwMDAwLCJkZWxldGUiOjE4MDAwMDAwMDAwMDAsInJlYWQiOjMwMDAwMDAwMDAwMCwidXBkYXRlIjoxODAwMDAwMDAwMDAwfX0=",
          "dependencies": [
            "azurerm_resource_group.hub_rg"
          ]
        }
      ]
    },
    {
      "module": "module.hub_vnet_default_subnet",
      "mode": "data",
      "type": "azurerm_virtual_network",
      "name": "vnet_name",
      "provider": "provider[\"registry.terraform.io/hashicorp/azurerm\"]",
      "instances": [
        {
          "schema_version": 0,
          "attributes": {
            "address_space": [
              "10.1.0.0/16"
            ],
            "dns_servers": [
              "168.63.129.16"
            ],
            "guid": "83306279-4c40-4076-a225-26cc93eb58e5",
            "id": "/subscriptions/52c8334e-33c1-4df4-bba5-859bf96b7377/resourceGroups/rg-net-core-hub-centralus/providers/Microsoft.Network/virtualNetworks/vnet-hub-centralus",
            "location": "centralus",
            "name": "vnet-hub-centralus",
            "resource_group_name": "rg-net-core-hub-centralus",
            "subnets": [
              "AzureBastionSubnet",
              "AzureFirewallSubnet",
              "snet-default",
              "snet-jumphost"
            ],
            "timeouts": null,
            "vnet_peerings": {}
          },
          "sensitive_attributes": []
        }
      ]
    },
    {
      "module": "module.hub_vnet_default_subnet",
      "mode": "managed",
      "type": "azurerm_route_table",
      "name": "rt",
      "provider": "provider[\"registry.terraform.io/hashicorp/azurerm\"]",
      "instances": [
        {
          "schema_version": 0,
          "attributes": {
            "disable_bgp_route_propagation": false,
            "id": "/subscriptions/52c8334e-33c1-4df4-bba5-859bf96b7377/resourceGroups/rg-net-core-hub-centralus/providers/Microsoft.Network/routeTables/rt-snet-default",
            "location": "centralus",
            "name": "rt-snet-default",
            "resource_group_name": "rg-net-core-hub-centralus",
            "route": [
              {
                "address_prefix": "0.0.0.0/0",
                "name": "default_egress",
                "next_hop_in_ip_address": "10.1.4.4",
                "next_hop_type": "VirtualAppliance"
              }
            ],
            "subnets": [],
            "tags": null,
            "timeouts": null
          },
          "sensitive_attributes": [],
          "private": "eyJlMmJmYjczMC1lY2FhLTExZTYtOGY4OC0zNDM2M2JjN2M0YzAiOnsiY3JlYXRlIjoxODAwMDAwMDAwMDAwLCJkZWxldGUiOjE4MDAwMDAwMDAwMDAsInJlYWQiOjMwMDAwMDAwMDAwMCwidXBkYXRlIjoxODAwMDAwMDAwMDAwfX0=",
          "dependencies": [
            "azurerm_resource_group.hub_rg",
            "module.azure_firewall.azurerm_firewall.azure_firewall_instance",
            "module.azure_firewall.azurerm_firewall_policy.base_policy",
            "module.azure_firewall.azurerm_public_ip.azure_firewall",
            "module.azure_firewall.azurerm_subnet.azure_firewall",
            "module.hub_vnet.azurerm_virtual_network.vnet",
            "module.hub_vnet_default_subnet.azurerm_subnet.vnet",
            "module.hub_vnet_default_subnet.data.azurerm_virtual_network.vnet_name",
            "random_string.random"
          ]
        }
      ]
    },
    {
      "module": "module.hub_vnet_default_subnet",
      "mode": "managed",
      "type": "azurerm_subnet",
      "name": "vnet",
      "provider": "provider[\"registry.terraform.io/hashicorp/azurerm\"]",
      "instances": [
        {
          "schema_version": 0,
          "attributes": {
            "address_prefix": "10.1.1.0/24",
            "address_prefixes": [
              "10.1.1.0/24"
            ],
            "delegation": [],
            "enforce_private_link_endpoint_network_policies": true,
            "enforce_private_link_service_network_policies": false,
            "id": "/subscriptions/52c8334e-33c1-4df4-bba5-859bf96b7377/resourceGroups/rg-net-core-hub-centralus/providers/Microsoft.Network/virtualNetworks/vnet-hub-centralus/subnets/snet-default",
            "name": "snet-default",
            "resource_group_name": "rg-net-core-hub-centralus",
            "service_endpoint_policy_ids": null,
            "service_endpoints": null,
            "timeouts": null,
            "virtual_network_name": "vnet-hub-centralus"
          },
          "sensitive_attributes": [],
          "private": "eyJlMmJmYjczMC1lY2FhLTExZTYtOGY4OC0zNDM2M2JjN2M0YzAiOnsiY3JlYXRlIjoxODAwMDAwMDAwMDAwLCJkZWxldGUiOjE4MDAwMDAwMDAwMDAsInJlYWQiOjMwMDAwMDAwMDAwMCwidXBkYXRlIjoxODAwMDAwMDAwMDAwfX0=",
          "dependencies": [
            "azurerm_resource_group.hub_rg",
            "module.hub_vnet.azurerm_virtual_network.vnet"
          ]
        }
      ]
    },
    {
      "module": "module.hub_vnet_default_subnet",
      "mode": "managed",
      "type": "azurerm_subnet_route_table_association",
      "name": "route_assoc",
      "provider": "provider[\"registry.terraform.io/hashicorp/azurerm\"]",
      "instances": [
        {
          "schema_version": 0,
          "attributes": {
            "id": "/subscriptions/52c8334e-33c1-4df4-bba5-859bf96b7377/resourceGroups/rg-net-core-hub-centralus/providers/Microsoft.Network/virtualNetworks/vnet-hub-centralus/subnets/snet-default",
            "route_table_id": "/subscriptions/52c8334e-33c1-4df4-bba5-859bf96b7377/resourceGroups/rg-net-core-hub-centralus/providers/Microsoft.Network/routeTables/rt-snet-default",
            "subnet_id": "/subscriptions/52c8334e-33c1-4df4-bba5-859bf96b7377/resourceGroups/rg-net-core-hub-centralus/providers/Microsoft.Network/virtualNetworks/vnet-hub-centralus/subnets/snet-default",
            "timeouts": null
          },
          "sensitive_attributes": [],
          "private": "eyJlMmJmYjczMC1lY2FhLTExZTYtOGY4OC0zNDM2M2JjN2M0YzAiOnsiY3JlYXRlIjoxODAwMDAwMDAwMDAwLCJkZWxldGUiOjE4MDAwMDAwMDAwMDAsInJlYWQiOjMwMDAwMDAwMDAwMCwidXBkYXRlIjoxODAwMDAwMDAwMDAwfX0=",
          "dependencies": [
            "azurerm_resource_group.hub_rg",
            "module.azure_firewall.azurerm_firewall.azure_firewall_instance",
            "module.azure_firewall.azurerm_firewall_policy.base_policy",
            "module.azure_firewall.azurerm_public_ip.azure_firewall",
            "module.azure_firewall.azurerm_subnet.azure_firewall",
            "module.hub_vnet.azurerm_virtual_network.vnet",
            "module.hub_vnet_default_subnet.azurerm_route_table.rt",
            "module.hub_vnet_default_subnet.azurerm_subnet.vnet",
            "module.hub_vnet_default_subnet.data.azurerm_virtual_network.vnet_name",
            "random_string.random"
          ]
        }
      ]
    },
    {
      "module": "module.jump_host",
      "mode": "data",
      "type": "azurerm_client_config",
      "name": "current",
      "provider": "provider[\"registry.terraform.io/hashicorp/azurerm\"]",
      "instances": [
        {
          "schema_version": 0,
          "attributes": {
            "client_id": "04b07795-8ddb-461a-bbee-02f9e1bf7b46",
            "id": "2021-10-01 14:01:21.7922677 +0000 UTC",
            "object_id": "31ae7dd2-fed1-4067-857b-b8e59e1edd45",
            "subscription_id": "52c8334e-33c1-4df4-bba5-859bf96b7377",
            "tenant_id": "72f988bf-86f1-41af-91ab-2d7cd011db47",
            "timeouts": null
          },
          "sensitive_attributes": []
        }
      ]
    },
    {
      "module": "module.jump_host",
      "mode": "data",
      "type": "azurerm_subscription",
      "name": "sub",
      "provider": "provider[\"registry.terraform.io/hashicorp/azurerm\"]",
      "instances": [
        {
          "schema_version": 0,
          "attributes": {
            "display_name": "DyReed_AIRS_sub",
            "id": "/subscriptions/52c8334e-33c1-4df4-bba5-859bf96b7377",
            "location_placement_id": "Internal_2014-09-01",
            "quota_id": "Internal_2014-09-01",
            "spending_limit": "Off",
            "state": "Enabled",
            "subscription_id": "52c8334e-33c1-4df4-bba5-859bf96b7377",
            "tags": {},
            "tenant_id": "72f988bf-86f1-41af-91ab-2d7cd011db47",
            "timeouts": null
          },
          "sensitive_attributes": []
        }
      ]
    },
    {
      "module": "module.jump_host",
      "mode": "managed",
      "type": "azurerm_network_interface",
      "name": "jump_host",
      "provider": "provider[\"registry.terraform.io/hashicorp/azurerm\"]",
      "instances": [
        {
          "schema_version": 0,
          "attributes": {
            "applied_dns_servers": [],
            "dns_servers": [],
            "enable_accelerated_networking": false,
            "enable_ip_forwarding": false,
            "id": "/subscriptions/52c8334e-33c1-4df4-bba5-859bf96b7377/resourceGroups/rg-net-core-hub-centralus/providers/Microsoft.Network/networkInterfaces/nic-vmjumphost",
            "internal_dns_name_label": "",
            "internal_domain_name_suffix": "pfrdba0ajr1ebirfe1gjh00y2f.gx.internal.cloudapp.net",
            "ip_configuration": [
              {
                "name": "configuration",
                "primary": true,
                "private_ip_address": "10.1.2.5",
                "private_ip_address_allocation": "Static",
                "private_ip_address_version": "IPv4",
                "public_ip_address_id": "",
                "subnet_id": "/subscriptions/52c8334e-33c1-4df4-bba5-859bf96b7377/resourceGroups/rg-net-core-hub-centralus/providers/Microsoft.Network/virtualNetworks/vnet-hub-centralus/subnets/snet-jumphost"
              }
            ],
            "location": "centralus",
            "mac_address": "",
            "name": "nic-vmjumphost",
            "private_ip_address": "10.1.2.5",
            "private_ip_addresses": [
              "10.1.2.5"
            ],
            "resource_group_name": "rg-net-core-hub-centralus",
            "tags": null,
            "timeouts": null,
            "virtual_machine_id": ""
          },
          "sensitive_attributes": [],
          "private": "eyJlMmJmYjczMC1lY2FhLTExZTYtOGY4OC0zNDM2M2JjN2M0YzAiOnsiY3JlYXRlIjoxODAwMDAwMDAwMDAwLCJkZWxldGUiOjE4MDAwMDAwMDAwMDAsInJlYWQiOjMwMDAwMDAwMDAwMCwidXBkYXRlIjoxODAwMDAwMDAwMDAwfX0=",
          "dependencies": [
            "azurerm_resource_group.hub_rg",
            "azurerm_resource_group.spoke_shared_rg",
            "module.hub_vnet.azurerm_virtual_network.vnet",
            "module.jump_host.azurerm_subnet.jump_host"
          ]
        }
      ]
    },
    {
      "module": "module.jump_host",
      "mode": "managed",
      "type": "azurerm_network_security_group",
      "name": "jump_host",
      "provider": "provider[\"registry.terraform.io/hashicorp/azurerm\"]",
      "instances": [
        {
          "schema_version": 0,
          "attributes": {
            "id": "/subscriptions/52c8334e-33c1-4df4-bba5-859bf96b7377/resourceGroups/rg-net-core-hub-centralus/providers/Microsoft.Network/networkSecurityGroups/nsg-jumphost-subnet",
            "location": "centralus",
            "name": "nsg-jumphost-subnet",
            "resource_group_name": "rg-net-core-hub-centralus",
            "security_rule": [],
            "tags": null,
            "timeouts": null
          },
          "sensitive_attributes": [],
          "private": "eyJlMmJmYjczMC1lY2FhLTExZTYtOGY4OC0zNDM2M2JjN2M0YzAiOnsiY3JlYXRlIjoxODAwMDAwMDAwMDAwLCJkZWxldGUiOjE4MDAwMDAwMDAwMDAsInJlYWQiOjMwMDAwMDAwMDAwMCwidXBkYXRlIjoxODAwMDAwMDAwMDAwfX0=",
          "dependencies": [
            "azurerm_resource_group.hub_rg",
            "azurerm_resource_group.spoke_shared_rg"
          ]
        }
      ]
    },
    {
      "module": "module.jump_host",
      "mode": "managed",
      "type": "azurerm_route_table",
      "name": "jumphost_rt",
      "provider": "provider[\"registry.terraform.io/hashicorp/azurerm\"]",
      "instances": [
        {
          "schema_version": 0,
          "attributes": {
            "disable_bgp_route_propagation": false,
            "id": "/subscriptions/52c8334e-33c1-4df4-bba5-859bf96b7377/resourceGroups/rg-net-core-hub-centralus/providers/Microsoft.Network/routeTables/rt-snet-jumphost",
            "location": "centralus",
            "name": "rt-snet-jumphost",
            "resource_group_name": "rg-net-core-hub-centralus",
            "route": [
              {
                "address_prefix": "0.0.0.0/0",
                "name": "default_egress",
                "next_hop_in_ip_address": "10.1.4.4",
                "next_hop_type": "VirtualAppliance"
              }
            ],
            "subnets": [],
            "tags": null,
            "timeouts": null
          },
          "sensitive_attributes": [],
          "private": "eyJlMmJmYjczMC1lY2FhLTExZTYtOGY4OC0zNDM2M2JjN2M0YzAiOnsiY3JlYXRlIjoxODAwMDAwMDAwMDAwLCJkZWxldGUiOjE4MDAwMDAwMDAwMDAsInJlYWQiOjMwMDAwMDAwMDAwMCwidXBkYXRlIjoxODAwMDAwMDAwMDAwfX0=",
          "dependencies": [
            "azurerm_resource_group.hub_rg",
            "azurerm_resource_group.spoke_shared_rg",
            "module.azure_firewall.azurerm_firewall.azure_firewall_instance",
            "module.azure_firewall.azurerm_firewall_policy.base_policy",
            "module.azure_firewall.azurerm_public_ip.azure_firewall",
            "module.azure_firewall.azurerm_subnet.azure_firewall",
            "module.hub_vnet.azurerm_virtual_network.vnet",
            "module.jump_host.azurerm_subnet.jump_host",
            "random_string.random"
          ]
        }
      ]
    },
    {
      "module": "module.jump_host",
      "mode": "managed",
      "type": "azurerm_subnet",
      "name": "jump_host",
      "provider": "provider[\"registry.terraform.io/hashicorp/azurerm\"]",
      "instances": [
        {
          "schema_version": 0,
          "attributes": {
            "address_prefix": "10.1.2.0/24",
            "address_prefixes": [
              "10.1.2.0/24"
            ],
            "delegation": [],
            "enforce_private_link_endpoint_network_policies": false,
            "enforce_private_link_service_network_policies": false,
            "id": "/subscriptions/52c8334e-33c1-4df4-bba5-859bf96b7377/resourceGroups/rg-net-core-hub-centralus/providers/Microsoft.Network/virtualNetworks/vnet-hub-centralus/subnets/snet-jumphost",
            "name": "snet-jumphost",
            "resource_group_name": "rg-net-core-hub-centralus",
            "service_endpoint_policy_ids": null,
            "service_endpoints": null,
            "timeouts": null,
            "virtual_network_name": "vnet-hub-centralus"
          },
          "sensitive_attributes": [],
          "private": "eyJlMmJmYjczMC1lY2FhLTExZTYtOGY4OC0zNDM2M2JjN2M0YzAiOnsiY3JlYXRlIjoxODAwMDAwMDAwMDAwLCJkZWxldGUiOjE4MDAwMDAwMDAwMDAsInJlYWQiOjMwMDAwMDAwMDAwMCwidXBkYXRlIjoxODAwMDAwMDAwMDAwfX0=",
          "dependencies": [
            "azurerm_resource_group.hub_rg",
            "azurerm_resource_group.spoke_shared_rg",
            "module.hub_vnet.azurerm_virtual_network.vnet"
          ]
        }
      ]
    },
    {
      "module": "module.jump_host",
      "mode": "managed",
      "type": "azurerm_subnet_network_security_group_association",
      "name": "jumphost_nsg_assoc",
      "provider": "provider[\"registry.terraform.io/hashicorp/azurerm\"]",
      "instances": [
        {
          "schema_version": 0,
          "attributes": {
            "id": "/subscriptions/52c8334e-33c1-4df4-bba5-859bf96b7377/resourceGroups/rg-net-core-hub-centralus/providers/Microsoft.Network/virtualNetworks/vnet-hub-centralus/subnets/snet-jumphost",
            "network_security_group_id": "/subscriptions/52c8334e-33c1-4df4-bba5-859bf96b7377/resourceGroups/rg-net-core-hub-centralus/providers/Microsoft.Network/networkSecurityGroups/nsg-jumphost-subnet",
            "subnet_id": "/subscriptions/52c8334e-33c1-4df4-bba5-859bf96b7377/resourceGroups/rg-net-core-hub-centralus/providers/Microsoft.Network/virtualNetworks/vnet-hub-centralus/subnets/snet-jumphost",
            "timeouts": null
          },
          "sensitive_attributes": [],
          "private": "eyJlMmJmYjczMC1lY2FhLTExZTYtOGY4OC0zNDM2M2JjN2M0YzAiOnsiY3JlYXRlIjoxODAwMDAwMDAwMDAwLCJkZWxldGUiOjE4MDAwMDAwMDAwMDAsInJlYWQiOjMwMDAwMDAwMDAwMCwidXBkYXRlIjoxODAwMDAwMDAwMDAwfX0=",
          "dependencies": [
            "azurerm_resource_group.hub_rg",
            "azurerm_resource_group.spoke_shared_rg",
            "module.hub_vnet.azurerm_virtual_network.vnet",
            "module.jump_host.azurerm_network_security_group.jump_host",
            "module.jump_host.azurerm_subnet.jump_host"
          ]
        }
      ]
    },
    {
      "module": "module.jump_host",
      "mode": "managed",
      "type": "azurerm_subnet_route_table_association",
      "name": "route_assoc",
      "provider": "provider[\"registry.terraform.io/hashicorp/azurerm\"]",
      "instances": [
        {
          "schema_version": 0,
          "attributes": {
            "id": "/subscriptions/52c8334e-33c1-4df4-bba5-859bf96b7377/resourceGroups/rg-net-core-hub-centralus/providers/Microsoft.Network/virtualNetworks/vnet-hub-centralus/subnets/snet-jumphost",
            "route_table_id": "/subscriptions/52c8334e-33c1-4df4-bba5-859bf96b7377/resourceGroups/rg-net-core-hub-centralus/providers/Microsoft.Network/routeTables/rt-snet-jumphost",
            "subnet_id": "/subscriptions/52c8334e-33c1-4df4-bba5-859bf96b7377/resourceGroups/rg-net-core-hub-centralus/providers/Microsoft.Network/virtualNetworks/vnet-hub-centralus/subnets/snet-jumphost",
            "timeouts": null
          },
          "sensitive_attributes": [],
          "private": "eyJlMmJmYjczMC1lY2FhLTExZTYtOGY4OC0zNDM2M2JjN2M0YzAiOnsiY3JlYXRlIjoxODAwMDAwMDAwMDAwLCJkZWxldGUiOjE4MDAwMDAwMDAwMDAsInJlYWQiOjMwMDAwMDAwMDAwMCwidXBkYXRlIjoxODAwMDAwMDAwMDAwfX0=",
          "dependencies": [
            "azurerm_resource_group.hub_rg",
            "azurerm_resource_group.spoke_shared_rg",
            "module.azure_firewall.azurerm_firewall.azure_firewall_instance",
            "module.azure_firewall.azurerm_firewall_policy.base_policy",
            "module.azure_firewall.azurerm_public_ip.azure_firewall",
            "module.azure_firewall.azurerm_subnet.azure_firewall",
            "module.hub_vnet.azurerm_virtual_network.vnet",
            "module.jump_host.azurerm_route_table.jumphost_rt",
            "module.jump_host.azurerm_subnet.jump_host",
            "random_string.random"
          ]
        }
      ]
    },
    {
      "module": "module.jump_host",
      "mode": "managed",
      "type": "azurerm_windows_virtual_machine",
      "name": "jump_host",
      "provider": "provider[\"registry.terraform.io/hashicorp/azurerm\"]",
      "instances": [
        {
          "schema_version": 0,
          "attributes": {
            "additional_capabilities": [],
            "additional_unattend_content": [],
            "admin_password": "Th1sisatest!!!",
            "admin_username": "azureadmin",
            "allow_extension_operations": true,
            "availability_set_id": "",
            "boot_diagnostics": [],
            "computer_name": "vmjumphost",
            "custom_data": null,
            "dedicated_host_id": "",
            "enable_automatic_updates": true,
            "encryption_at_host_enabled": false,
            "eviction_policy": "",
            "extensions_time_budget": "PT1H30M",
            "id": "/subscriptions/52c8334e-33c1-4df4-bba5-859bf96b7377/resourceGroups/rg-net-core-hub-centralus/providers/Microsoft.Compute/virtualMachines/vmjumphost",
            "identity": [
              {
                "identity_ids": null,
                "principal_id": "3a3a2321-90e0-4a09-bf65-de68f5b52051",
                "tenant_id": "72f988bf-86f1-41af-91ab-2d7cd011db47",
                "type": "SystemAssigned"
              }
            ],
            "license_type": "",
            "location": "centralus",
            "max_bid_price": -1,
            "name": "vmjumphost",
            "network_interface_ids": [
              "/subscriptions/52c8334e-33c1-4df4-bba5-859bf96b7377/resourceGroups/rg-net-core-hub-centralus/providers/Microsoft.Network/networkInterfaces/nic-vmjumphost"
            ],
            "os_disk": [
              {
                "caching": "ReadWrite",
                "diff_disk_settings": [],
                "disk_encryption_set_id": "",
                "disk_size_gb": 127,
                "name": "osdisk-vmjumphost",
                "storage_account_type": "Standard_LRS",
                "write_accelerator_enabled": false
              }
            ],
            "patch_mode": "AutomaticByOS",
            "plan": [],
            "platform_fault_domain": -1,
            "priority": "Regular",
            "private_ip_address": "10.1.2.5",
            "private_ip_addresses": [
              "10.1.2.5"
            ],
            "provision_vm_agent": true,
            "proximity_placement_group_id": "",
            "public_ip_address": "",
            "public_ip_addresses": [],
            "resource_group_name": "rg-net-core-hub-centralus",
            "secret": [],
            "size": "Standard_DS3_v2",
            "source_image_id": "",
            "source_image_reference": [
              {
                "offer": "WindowsServer",
                "publisher": "MicrosoftWindowsServer",
                "sku": "2019-Datacenter",
                "version": "latest"
              }
            ],
            "tags": null,
            "timeouts": {
              "create": "60m",
              "delete": "2h",
              "read": null,
              "update": null
            },
            "timezone": "",
            "virtual_machine_id": "e1de1ea0-7491-4409-8100-3f28c71818e8",
            "virtual_machine_scale_set_id": "",
            "winrm_listener": [],
            "zone": ""
          },
          "sensitive_attributes": [
            [
              {
                "type": "get_attr",
                "value": "admin_password"
              }
            ]
          ],
          "private": "eyJlMmJmYjczMC1lY2FhLTExZTYtOGY4OC0zNDM2M2JjN2M0YzAiOnsiY3JlYXRlIjozNjAwMDAwMDAwMDAwLCJkZWxldGUiOjcyMDAwMDAwMDAwMDAsInJlYWQiOjMwMDAwMDAwMDAwMCwidXBkYXRlIjoyNzAwMDAwMDAwMDAwfX0=",
          "dependencies": [
            "azurerm_resource_group.hub_rg",
            "azurerm_resource_group.spoke_shared_rg",
            "module.hub_vnet.azurerm_virtual_network.vnet",
            "module.jump_host.azurerm_network_interface.jump_host",
            "module.jump_host.azurerm_subnet.jump_host"
          ]
        }
      ]
    },
    {
      "module": "module.keyvault",
      "mode": "data",
      "type": "azurerm_client_config",
      "name": "current",
      "provider": "provider[\"registry.terraform.io/hashicorp/azurerm\"]",
      "instances": [
        {
          "schema_version": 0,
          "attributes": {
            "client_id": "04b07795-8ddb-461a-bbee-02f9e1bf7b46",
            "id": "2021-10-01 13:57:33.5616546 +0000 UTC",
            "object_id": "31ae7dd2-fed1-4067-857b-b8e59e1edd45",
            "subscription_id": "52c8334e-33c1-4df4-bba5-859bf96b7377",
            "tenant_id": "72f988bf-86f1-41af-91ab-2d7cd011db47",
            "timeouts": null
          },
          "sensitive_attributes": []
        }
      ]
    },
    {
      "module": "module.keyvault",
      "mode": "data",
      "type": "http",
      "name": "myip",
      "provider": "provider[\"registry.terraform.io/hashicorp/http\"]",
      "instances": [
        {
          "schema_version": 0,
          "attributes": {
            "body": "173.56.65.64\n",
            "id": "http://ipv4.icanhazip.com",
            "request_headers": null,
            "response_headers": {
              "Access-Control-Allow-Methods": "GET",
              "Access-Control-Allow-Origin": "*",
              "Alt-Svc": "h3=\":443\"; ma=86400, h3-29=\":443\"; ma=86400, h3-28=\":443\"; ma=86400, h3-27=\":443\"; ma=86400",
              "Cf-Ray": "697632a66c2119f7-EWR",
              "Connection": "keep-alive",
              "Content-Length": "13",
              "Content-Type": "text/plain",
              "Date": "Fri, 01 Oct 2021 13:57:03 GMT",
              "Server": "cloudflare",
              "Set-Cookie": "__cf_bm=XZwzWHKOdoMdCLus5WHWmf7FIbe8mxvJiCBH.RqeXNU-1633096623-0-AbGYa5UEDlhBB+0F7u1O+l6kyHb0v+o/bNE5mtnOeRgnoet83OwIIihc6Mb5KtUPAtbPZ1SsmUI4Of6+1C5cHbU=; path=/; expires=Fri, 01-Oct-21 14:27:03 GMT; domain=.icanhazip.com; HttpOnly; SameSite=None",
              "Vary": "Accept-Encoding"
            },
            "url": "http://ipv4.icanhazip.com"
          },
          "sensitive_attributes": []
        }
      ]
    },
    {
      "module": "module.keyvault",
      "mode": "managed",
      "type": "azurerm_key_vault",
      "name": "vault",
      "provider": "provider[\"registry.terraform.io/hashicorp/azurerm\"]",
      "instances": [
        {
          "schema_version": 2,
          "attributes": {
            "access_policy": [
              {
                "application_id": "",
                "certificate_permissions": [
                  "Backup",
                  "Create",
                  "Delete",
                  "DeleteIssuers",
                  "Get",
                  "GetIssuers",
                  "Import",
                  "List",
                  "ListIssuers",
                  "ManageContacts",
                  "ManageIssuers",
                  "Purge",
                  "Recover",
                  "Restore",
                  "SetIssuers",
                  "Update"
                ],
                "key_permissions": [
                  "List",
                  "Encrypt",
                  "Decrypt",
                  "WrapKey",
                  "UnwrapKey",
                  "Sign",
                  "Verify",
                  "Get",
                  "Create",
                  "Update",
                  "Import",
                  "Backup",
                  "Restore",
                  "Recover",
                  "Delete",
                  "Purge"
                ],
                "object_id": "31ae7dd2-fed1-4067-857b-b8e59e1edd45",
                "secret_permissions": [
                  "List",
                  "Get",
                  "Set",
                  "Backup",
                  "Restore",
                  "Recover",
                  "Purge",
                  "Delete"
                ],
                "storage_permissions": [
                  "Backup",
                  "Delete",
                  "DeleteSAS",
                  "Get",
                  "GetSAS",
                  "ListSAS",
                  "Purge",
                  "Recover",
                  "RegenerateKey",
                  "Restore",
                  "Set",
                  "SetSAS",
                  "Update"
                ],
                "tenant_id": "72f988bf-86f1-41af-91ab-2d7cd011db47"
              }
            ],
            "contact": [],
            "enable_rbac_authorization": false,
            "enabled_for_deployment": true,
            "enabled_for_disk_encryption": false,
            "enabled_for_template_deployment": true,
            "id": "/subscriptions/52c8334e-33c1-4df4-bba5-859bf96b7377/resourceGroups/rg-shared-mlw-spoke-centralus/providers/Microsoft.KeyVault/vaults/akv-x1hz3xft",
            "location": "centralus",
            "name": "akv-x1hz3xft",
            "network_acls": [
              {
                "bypass": "AzureServices",
                "default_action": "Allow",
                "ip_rules": [],
                "virtual_network_subnet_ids": []
              }
            ],
            "purge_protection_enabled": false,
            "resource_group_name": "rg-shared-mlw-spoke-centralus",
            "sku_name": "standard",
            "soft_delete_enabled": true,
            "soft_delete_retention_days": 7,
            "tags": null,
            "tenant_id": "72f988bf-86f1-41af-91ab-2d7cd011db47",
            "timeouts": null,
            "vault_uri": "https://akv-x1hz3xft.vault.azure.net/"
          },
          "sensitive_attributes": [],
          "private": "eyJlMmJmYjczMC1lY2FhLTExZTYtOGY4OC0zNDM2M2JjN2M0YzAiOnsiY3JlYXRlIjoxODAwMDAwMDAwMDAwLCJkZWxldGUiOjE4MDAwMDAwMDAwMDAsInJlYWQiOjMwMDAwMDAwMDAwMCwidXBkYXRlIjoxODAwMDAwMDAwMDAwfSwic2NoZW1hX3ZlcnNpb24iOiIyIn0=",
          "dependencies": [
            "azurerm_resource_group.spoke_shared_rg",
            "module.keyvault.data.azurerm_client_config.current",
            "random_string.random"
          ]
        }
      ]
    },
    {
      "module": "module.keyvault",
      "mode": "managed",
      "type": "azurerm_private_endpoint",
      "name": "keyvault-endpoint",
      "provider": "provider[\"registry.terraform.io/hashicorp/azurerm\"]",
      "instances": [
        {
          "schema_version": 0,
          "attributes": {
            "custom_dns_configs": [],
            "id": "/subscriptions/52c8334e-33c1-4df4-bba5-859bf96b7377/resourceGroups/rg-shared-mlw-spoke-centralus/providers/Microsoft.Network/privateEndpoints/akv-endpoint",
            "location": "centralus",
            "name": "akv-endpoint",
            "private_dns_zone_configs": [
              {
                "id": "/subscriptions/52c8334e-33c1-4df4-bba5-859bf96b7377/resourceGroups/rg-shared-mlw-spoke-centralus/providers/Microsoft.Network/privateEndpoints/akv-endpoint/privateDnsZoneGroups/privatelink.vaultcore.azure.net/privateDnsZoneConfigs/privatelink.vaultcore.azure.net",
                "name": "privatelink.vaultcore.azure.net",
                "private_dns_zone_id": "/subscriptions/52c8334e-33c1-4df4-bba5-859bf96b7377/resourceGroups/rg-pdz-core-prod-centralus/providers/Microsoft.Network/privateDnsZones/privatelink.vaultcore.azure.net",
                "record_sets": [
                  {
                    "fqdn": "akv-x1hz3xft.privatelink.vaultcore.azure.net",
                    "ip_addresses": [
                      "10.3.3.4"
                    ],
                    "name": "akv-x1hz3xft",
                    "ttl": 10,
                    "type": "A"
                  }
                ]
              }
            ],
            "private_dns_zone_group": [
              {
                "id": "/subscriptions/52c8334e-33c1-4df4-bba5-859bf96b7377/resourceGroups/rg-shared-mlw-spoke-centralus/providers/Microsoft.Network/privateEndpoints/akv-endpoint/privateDnsZoneGroups/privatelink.vaultcore.azure.net",
                "name": "privatelink.vaultcore.azure.net",
                "private_dns_zone_ids": [
                  "/subscriptions/52c8334e-33c1-4df4-bba5-859bf96b7377/resourceGroups/rg-pdz-core-prod-centralus/providers/Microsoft.Network/privateDnsZones/privatelink.vaultcore.azure.net"
                ]
              }
            ],
            "private_service_connection": [
              {
                "is_manual_connection": false,
                "name": "akv-private-link-connection",
                "private_connection_resource_alias": "",
                "private_connection_resource_id": "/subscriptions/52c8334e-33c1-4df4-bba5-859bf96b7377/resourceGroups/rg-shared-mlw-spoke-centralus/providers/Microsoft.KeyVault/vaults/akv-x1hz3xft",
                "private_ip_address": "10.3.3.4",
                "request_message": "",
                "subresource_names": [
                  "vault"
                ]
              }
            ],
            "resource_group_name": "rg-shared-mlw-spoke-centralus",
            "subnet_id": "/subscriptions/52c8334e-33c1-4df4-bba5-859bf96b7377/resourceGroups/rg-net-spoke-centralus/providers/Microsoft.Network/virtualNetworks/vnet-spk-centralus/subnets/snet-training",
            "tags": null,
            "timeouts": null
          },
          "sensitive_attributes": [],
          "private": "eyJlMmJmYjczMC1lY2FhLTExZTYtOGY4OC0zNDM2M2JjN2M0YzAiOnsiY3JlYXRlIjozNjAwMDAwMDAwMDAwLCJkZWxldGUiOjM2MDAwMDAwMDAwMDAsInJlYWQiOjMwMDAwMDAwMDAwMCwidXBkYXRlIjozNjAwMDAwMDAwMDAwfX0=",
          "dependencies": [
            "azurerm_resource_group.hub_rg",
            "azurerm_resource_group.spoke_shared_rg",
            "azurerm_resource_group.spoke_vnet_rg",
            "azurerm_resource_group.svc_rg",
            "module.azure_firewall.azurerm_firewall.azure_firewall_instance",
            "module.azure_firewall.azurerm_firewall_policy.base_policy",
            "module.azure_firewall.azurerm_public_ip.azure_firewall",
            "module.azure_firewall.azurerm_subnet.azure_firewall",
            "module.hub_vnet.azurerm_virtual_network.vnet",
            "module.keyvault.azurerm_key_vault.vault",
            "module.keyvault.data.azurerm_client_config.current",
            "module.private_dns.azurerm_private_dns_zone.keyvault_zone",
            "module.spoke_vnet.azurerm_virtual_network.vnet",
            "module.spoke_vnet_training_subnet.azurerm_subnet.vnet",
            "random_string.random"
          ]
        }
      ]
    },
    {
      "module": "module.log_analytics",
      "mode": "managed",
      "type": "azurerm_log_analytics_workspace",
      "name": "sc_law",
      "provider": "provider[\"registry.terraform.io/hashicorp/azurerm\"]",
      "instances": [
        {
          "schema_version": 2,
          "attributes": {
            "daily_quota_gb": -1,
            "id": "/subscriptions/52c8334e-33c1-4df4-bba5-859bf96b7377/resourceGroups/rg-mon-core-prod-centralus/providers/Microsoft.OperationalInsights/workspaces/log-core-centralus-x1hz3xft",
            "internet_ingestion_enabled": true,
            "internet_query_enabled": true,
            "location": "centralus",
            "name": "log-core-centralus-x1hz3xft",
            "portal_url": "",
            "primary_shared_key": "C6VxRvcNT6QSWP+66/I3WrZgs+Hmj/Xu6nRDf5LOGGqu/2dECdaIxq9Y6LQMydaX+w54b/6ix2szohXMHQGgzg==",
            "reservation_capcity_in_gb_per_day": null,
            "resource_group_name": "rg-mon-core-prod-centralus",
            "retention_in_days": 30,
            "secondary_shared_key": "iWYBlvflCt17zQwyD6L0Rwcew1KqDGBuZhi4PSYhm9Akjp7HtnAAoRdn4Hz+RJjt6ONRikmpVG65Q/iHwoD/tw==",
            "sku": "pergb2018",
            "tags": null,
            "timeouts": null,
            "workspace_id": "8956569d-1908-4f94-a9fa-40620e770610"
          },
          "sensitive_attributes": [],
          "private": "eyJlMmJmYjczMC1lY2FhLTExZTYtOGY4OC0zNDM2M2JjN2M0YzAiOnsiY3JlYXRlIjoxODAwMDAwMDAwMDAwLCJkZWxldGUiOjE4MDAwMDAwMDAwMDAsInJlYWQiOjMwMDAwMDAwMDAwMCwidXBkYXRlIjoxODAwMDAwMDAwMDAwfSwic2NoZW1hX3ZlcnNpb24iOiIyIn0=",
          "dependencies": [
            "azurerm_resource_group.mon_rg",
            "random_string.random"
          ]
        }
      ]
    },
    {
      "module": "module.machine_learning_workspace",
      "mode": "managed",
      "type": "azurerm_machine_learning_workspace",
      "name": "machine_learning_workspace",
      "provider": "provider[\"registry.terraform.io/hashicorp/azurerm\"]",
      "instances": [
        {
          "schema_version": 0,
          "attributes": {
            "application_insights_id": "/subscriptions/52c8334e-33c1-4df4-bba5-859bf96b7377/resourcegroups/rg-shared-mlw-spoke-centralus/providers/microsoft.insights/components/appi-x1hz3xft",
            "container_registry_id": "/subscriptions/52c8334e-33c1-4df4-bba5-859bf96b7377/resourcegroups/rg-shared-mlw-spoke-centralus/providers/microsoft.containerregistry/registries/acrx1hz3xft",
            "description": "",
            "friendly_name": "",
            "high_business_impact": false,
            "id": "/subscriptions/52c8334e-33c1-4df4-bba5-859bf96b7377/resourceGroups/rg-shared-mlw-spoke-centralus/providers/Microsoft.MachineLearningServices/workspaces/mlw-x1hz3xft",
            "identity": [
              {
                "principal_id": "29ca50ff-d056-4231-8e95-d718360b0d22",
                "tenant_id": "72f988bf-86f1-41af-91ab-2d7cd011db47",
                "type": "SystemAssigned"
              }
            ],
            "key_vault_id": "/subscriptions/52c8334e-33c1-4df4-bba5-859bf96b7377/resourcegroups/rg-shared-mlw-spoke-centralus/providers/microsoft.keyvault/vaults/akv-x1hz3xft",
            "location": "centralus",
            "name": "mlw-x1hz3xft",
            "resource_group_name": "rg-shared-mlw-spoke-centralus",
            "sku_name": "Basic",
            "storage_account_id": "/subscriptions/52c8334e-33c1-4df4-bba5-859bf96b7377/resourcegroups/rg-shared-mlw-spoke-centralus/providers/microsoft.storage/storageaccounts/stx1hz3xft",
            "tags": null,
            "timeouts": null
          },
          "sensitive_attributes": [],
          "private": "eyJlMmJmYjczMC1lY2FhLTExZTYtOGY4OC0zNDM2M2JjN2M0YzAiOnsiY3JlYXRlIjoxODAwMDAwMDAwMDAwLCJkZWxldGUiOjE4MDAwMDAwMDAwMDAsInJlYWQiOjMwMDAwMDAwMDAwMCwidXBkYXRlIjoxODAwMDAwMDAwMDAwfX0=",
          "dependencies": [
            "azurerm_resource_group.spoke_shared_rg",
            "module.acr.azurerm_container_registry.acr",
            "module.app_insights.azurerm_application_insights.app_insights",
            "module.keyvault.azurerm_key_vault.vault",
            "module.keyvault.data.azurerm_client_config.current",
            "module.storage_account.azurerm_storage_account.storage_account",
            "random_string.random"
          ]
        }
      ]
    },
    {
      "module": "module.machine_learning_workspace",
      "mode": "managed",
      "type": "azurerm_network_security_group",
      "name": "nsg-aks",
      "provider": "provider[\"registry.terraform.io/hashicorp/azurerm\"]",
      "instances": [
        {
          "schema_version": 0,
          "attributes": {
            "id": "/subscriptions/52c8334e-33c1-4df4-bba5-859bf96b7377/resourceGroups/rg-shared-mlw-spoke-centralus/providers/Microsoft.Network/networkSecurityGroups/nsg-aks",
            "location": "centralus",
            "name": "nsg-aks",
            "resource_group_name": "rg-shared-mlw-spoke-centralus",
            "security_rule": [],
            "tags": null,
            "timeouts": null
          },
          "sensitive_attributes": [],
          "private": "eyJlMmJmYjczMC1lY2FhLTExZTYtOGY4OC0zNDM2M2JjN2M0YzAiOnsiY3JlYXRlIjoxODAwMDAwMDAwMDAwLCJkZWxldGUiOjE4MDAwMDAwMDAwMDAsInJlYWQiOjMwMDAwMDAwMDAwMCwidXBkYXRlIjoxODAwMDAwMDAwMDAwfX0=",
          "dependencies": [
            "azurerm_resource_group.spoke_shared_rg"
          ]
        }
      ]
    },
    {
      "module": "module.machine_learning_workspace",
      "mode": "managed",
      "type": "azurerm_network_security_group",
      "name": "nsg-training",
      "provider": "provider[\"registry.terraform.io/hashicorp/azurerm\"]",
      "instances": [
        {
          "schema_version": 0,
          "attributes": {
            "id": "/subscriptions/52c8334e-33c1-4df4-bba5-859bf96b7377/resourceGroups/rg-shared-mlw-spoke-centralus/providers/Microsoft.Network/networkSecurityGroups/nsg-training",
            "location": "centralus",
            "name": "nsg-training",
            "resource_group_name": "rg-shared-mlw-spoke-centralus",
            "security_rule": [
              {
                "access": "Allow",
                "description": "",
                "destination_address_prefix": "*",
                "destination_address_prefixes": [],
                "destination_application_security_group_ids": [],
                "destination_port_range": "29876-29877",
                "destination_port_ranges": [],
                "direction": "Inbound",
                "name": "BatchNodeManagement",
                "priority": 100,
                "protocol": "Tcp",
                "source_address_prefix": "BatchNodeManagement",
                "source_address_prefixes": [],
                "source_application_security_group_ids": [],
                "source_port_range": "*",
                "source_port_ranges": []
              },
              {
                "access": "Allow",
                "description": "",
                "destination_address_prefix": "*",
                "destination_address_prefixes": [],
                "destination_application_security_group_ids": [],
                "destination_port_range": "44224",
                "destination_port_ranges": [],
                "direction": "Inbound",
                "name": "AzureMachineLearning",
                "priority": 110,
                "protocol": "Tcp",
                "source_address_prefix": "AzureMachineLearning",
                "source_address_prefixes": [],
                "source_application_security_group_ids": [],
                "source_port_range": "*",
                "source_port_ranges": []
              }
            ],
            "tags": null,
            "timeouts": null
          },
          "sensitive_attributes": [],
          "private": "eyJlMmJmYjczMC1lY2FhLTExZTYtOGY4OC0zNDM2M2JjN2M0YzAiOnsiY3JlYXRlIjoxODAwMDAwMDAwMDAwLCJkZWxldGUiOjE4MDAwMDAwMDAwMDAsInJlYWQiOjMwMDAwMDAwMDAwMCwidXBkYXRlIjoxODAwMDAwMDAwMDAwfX0=",
          "dependencies": [
            "azurerm_resource_group.spoke_shared_rg"
          ]
        }
      ]
    },
    {
      "module": "module.machine_learning_workspace",
      "mode": "managed",
      "type": "azurerm_private_endpoint",
      "name": "machine-learning-workspace-endpoint",
      "provider": "provider[\"registry.terraform.io/hashicorp/azurerm\"]",
      "instances": [
        {
          "schema_version": 0,
          "attributes": {
            "custom_dns_configs": [],
            "id": "/subscriptions/52c8334e-33c1-4df4-bba5-859bf96b7377/resourceGroups/rg-shared-mlw-spoke-centralus/providers/Microsoft.Network/privateEndpoints/mlw-endpoint",
            "location": "centralus",
            "name": "mlw-endpoint",
            "private_dns_zone_configs": [
              {
                "id": "/subscriptions/52c8334e-33c1-4df4-bba5-859bf96b7377/resourceGroups/rg-shared-mlw-spoke-centralus/providers/Microsoft.Network/privateEndpoints/mlw-endpoint/privateDnsZoneGroups/mlw-dns-zone-group/privateDnsZoneConfigs/privatelink.notebooks.azure.net",
                "name": "privatelink.notebooks.azure.net",
                "private_dns_zone_id": "/subscriptions/52c8334e-33c1-4df4-bba5-859bf96b7377/resourceGroups/rg-pdz-core-prod-centralus/providers/Microsoft.Network/privateDnsZones/privatelink.notebooks.azure.net",
                "record_sets": [
                  {
                    "fqdn": "ml-mlw-x1hz3xft-centralus-c36a3c03-d0a2-4fad-8012-a32e325e0d18.centralus.privatelink.notebooks.azure.net",
                    "ip_addresses": [
                      "10.3.3.10"
                    ],
                    "name": "ml-mlw-x1hz3xft-centralus-c36a3c03-d0a2-4fad-8012-a32e325e0d18.centralus",
                    "ttl": 10,
                    "type": "A"
                  }
                ]
              },
              {
                "id": "/subscriptions/52c8334e-33c1-4df4-bba5-859bf96b7377/resourceGroups/rg-shared-mlw-spoke-centralus/providers/Microsoft.Network/privateEndpoints/mlw-endpoint/privateDnsZoneGroups/mlw-dns-zone-group/privateDnsZoneConfigs/privatelink.api.azureml.ms",
                "name": "privatelink.api.azureml.ms",
                "private_dns_zone_id": "/subscriptions/52c8334e-33c1-4df4-bba5-859bf96b7377/resourceGroups/rg-pdz-core-prod-centralus/providers/Microsoft.Network/privateDnsZones/privatelink.api.azureml.ms",
                "record_sets": [
                  {
                    "fqdn": "c36a3c03-d0a2-4fad-8012-a32e325e0d18.workspace.centralus.privatelink.api.azureml.ms",
                    "ip_addresses": [
                      "10.3.3.9"
                    ],
                    "name": "c36a3c03-d0a2-4fad-8012-a32e325e0d18.workspace.centralus",
                    "ttl": 10,
                    "type": "A"
                  },
                  {
                    "fqdn": "c36a3c03-d0a2-4fad-8012-a32e325e0d18.workspace.centralus.cert.privatelink.api.azureml.ms",
                    "ip_addresses": [
                      "10.3.3.9"
                    ],
                    "name": "c36a3c03-d0a2-4fad-8012-a32e325e0d18.workspace.centralus.cert",
                    "ttl": 10,
                    "type": "A"
                  }
                ]
              }
            ],
            "private_dns_zone_group": [
              {
                "id": "/subscriptions/52c8334e-33c1-4df4-bba5-859bf96b7377/resourceGroups/rg-shared-mlw-spoke-centralus/providers/Microsoft.Network/privateEndpoints/mlw-endpoint/privateDnsZoneGroups/mlw-dns-zone-group",
                "name": "mlw-dns-zone-group",
                "private_dns_zone_ids": [
                  "/subscriptions/52c8334e-33c1-4df4-bba5-859bf96b7377/resourceGroups/rg-pdz-core-prod-centralus/providers/Microsoft.Network/privateDnsZones/privatelink.notebooks.azure.net",
                  "/subscriptions/52c8334e-33c1-4df4-bba5-859bf96b7377/resourceGroups/rg-pdz-core-prod-centralus/providers/Microsoft.Network/privateDnsZones/privatelink.api.azureml.ms"
                ]
              }
            ],
            "private_service_connection": [
              {
                "is_manual_connection": false,
                "name": "mlw-private-link-connection",
                "private_connection_resource_alias": "",
                "private_connection_resource_id": "/subscriptions/52c8334e-33c1-4df4-bba5-859bf96b7377/resourceGroups/rg-shared-mlw-spoke-centralus/providers/Microsoft.MachineLearningServices/workspaces/mlw-x1hz3xft",
                "private_ip_address": "10.3.3.9",
                "request_message": "",
                "subresource_names": [
                  "amlworkspace"
                ]
              }
            ],
            "resource_group_name": "rg-shared-mlw-spoke-centralus",
            "subnet_id": "/subscriptions/52c8334e-33c1-4df4-bba5-859bf96b7377/resourceGroups/rg-net-spoke-centralus/providers/Microsoft.Network/virtualNetworks/vnet-spk-centralus/subnets/snet-training",
            "tags": null,
            "timeouts": null
          },
          "sensitive_attributes": [],
          "private": "eyJlMmJmYjczMC1lY2FhLTExZTYtOGY4OC0zNDM2M2JjN2M0YzAiOnsiY3JlYXRlIjozNjAwMDAwMDAwMDAwLCJkZWxldGUiOjM2MDAwMDAwMDAwMDAsInJlYWQiOjMwMDAwMDAwMDAwMCwidXBkYXRlIjozNjAwMDAwMDAwMDAwfX0=",
          "dependencies": [
            "azurerm_resource_group.hub_rg",
            "azurerm_resource_group.spoke_shared_rg",
            "azurerm_resource_group.spoke_vnet_rg",
            "azurerm_resource_group.svc_rg",
            "module.acr.azurerm_container_registry.acr",
            "module.app_insights.azurerm_application_insights.app_insights",
            "module.azure_firewall.azurerm_firewall.azure_firewall_instance",
            "module.azure_firewall.azurerm_firewall_policy.base_policy",
            "module.azure_firewall.azurerm_public_ip.azure_firewall",
            "module.azure_firewall.azurerm_subnet.azure_firewall",
            "module.hub_vnet.azurerm_virtual_network.vnet",
            "module.keyvault.azurerm_key_vault.vault",
            "module.keyvault.data.azurerm_client_config.current",
            "module.machine_learning_workspace.azurerm_machine_learning_workspace.machine_learning_workspace",
            "module.private_dns.azurerm_private_dns_zone.machine_learning_workspace_api_zone",
            "module.private_dns.azurerm_private_dns_zone.machine_learning_workspace_notebooks_zone",
            "module.spoke_vnet.azurerm_virtual_network.vnet",
            "module.spoke_vnet_training_subnet.azurerm_subnet.vnet",
            "module.storage_account.azurerm_storage_account.storage_account",
            "random_string.random"
          ]
        }
      ]
    },
    {
      "module": "module.machine_learning_workspace",
      "mode": "managed",
      "type": "azurerm_subnet_network_security_group_association",
      "name": "nsg-aks-link",
      "provider": "provider[\"registry.terraform.io/hashicorp/azurerm\"]",
      "instances": [
        {
          "schema_version": 0,
          "attributes": {
            "id": "/subscriptions/52c8334e-33c1-4df4-bba5-859bf96b7377/resourceGroups/rg-net-spoke-centralus/providers/Microsoft.Network/virtualNetworks/vnet-spk-centralus/subnets/snet-aks",
            "network_security_group_id": "/subscriptions/52c8334e-33c1-4df4-bba5-859bf96b7377/resourceGroups/rg-shared-mlw-spoke-centralus/providers/Microsoft.Network/networkSecurityGroups/nsg-aks",
            "subnet_id": "/subscriptions/52c8334e-33c1-4df4-bba5-859bf96b7377/resourceGroups/rg-net-spoke-centralus/providers/Microsoft.Network/virtualNetworks/vnet-spk-centralus/subnets/snet-aks",
            "timeouts": null
          },
          "sensitive_attributes": [],
          "private": "eyJlMmJmYjczMC1lY2FhLTExZTYtOGY4OC0zNDM2M2JjN2M0YzAiOnsiY3JlYXRlIjoxODAwMDAwMDAwMDAwLCJkZWxldGUiOjE4MDAwMDAwMDAwMDAsInJlYWQiOjMwMDAwMDAwMDAwMCwidXBkYXRlIjoxODAwMDAwMDAwMDAwfX0=",
          "dependencies": [
            "azurerm_resource_group.hub_rg",
            "azurerm_resource_group.spoke_shared_rg",
            "azurerm_resource_group.spoke_vnet_rg",
            "module.azure_firewall.azurerm_firewall.azure_firewall_instance",
            "module.azure_firewall.azurerm_firewall_policy.base_policy",
            "module.azure_firewall.azurerm_public_ip.azure_firewall",
            "module.azure_firewall.azurerm_subnet.azure_firewall",
            "module.hub_vnet.azurerm_virtual_network.vnet",
            "module.machine_learning_workspace.azurerm_network_security_group.nsg-aks",
            "module.spoke_vnet.azurerm_virtual_network.vnet",
            "module.spoke_vnet_aks_subnet.azurerm_subnet.vnet",
            "random_string.random"
          ]
        }
      ]
    },
    {
      "module": "module.machine_learning_workspace",
      "mode": "managed",
      "type": "azurerm_subnet_network_security_group_association",
      "name": "nsg-training-link",
      "provider": "provider[\"registry.terraform.io/hashicorp/azurerm\"]",
      "instances": [
        {
          "schema_version": 0,
          "attributes": {
            "id": "/subscriptions/52c8334e-33c1-4df4-bba5-859bf96b7377/resourceGroups/rg-net-spoke-centralus/providers/Microsoft.Network/virtualNetworks/vnet-spk-centralus/subnets/snet-training",
            "network_security_group_id": "/subscriptions/52c8334e-33c1-4df4-bba5-859bf96b7377/resourceGroups/rg-shared-mlw-spoke-centralus/providers/Microsoft.Network/networkSecurityGroups/nsg-training",
            "subnet_id": "/subscriptions/52c8334e-33c1-4df4-bba5-859bf96b7377/resourceGroups/rg-net-spoke-centralus/providers/Microsoft.Network/virtualNetworks/vnet-spk-centralus/subnets/snet-training",
            "timeouts": null
          },
          "sensitive_attributes": [],
          "private": "eyJlMmJmYjczMC1lY2FhLTExZTYtOGY4OC0zNDM2M2JjN2M0YzAiOnsiY3JlYXRlIjoxODAwMDAwMDAwMDAwLCJkZWxldGUiOjE4MDAwMDAwMDAwMDAsInJlYWQiOjMwMDAwMDAwMDAwMCwidXBkYXRlIjoxODAwMDAwMDAwMDAwfX0=",
          "dependencies": [
            "azurerm_resource_group.hub_rg",
            "azurerm_resource_group.spoke_shared_rg",
            "azurerm_resource_group.spoke_vnet_rg",
            "module.azure_firewall.azurerm_firewall.azure_firewall_instance",
            "module.azure_firewall.azurerm_firewall_policy.base_policy",
            "module.azure_firewall.azurerm_public_ip.azure_firewall",
            "module.azure_firewall.azurerm_subnet.azure_firewall",
            "module.hub_vnet.azurerm_virtual_network.vnet",
            "module.machine_learning_workspace.azurerm_network_security_group.nsg-training",
            "module.spoke_vnet.azurerm_virtual_network.vnet",
            "module.spoke_vnet_training_subnet.azurerm_subnet.vnet",
            "random_string.random"
          ]
        }
      ]
    },
    {
      "module": "module.peering_hub_to_spoke",
      "mode": "managed",
      "type": "azurerm_virtual_network_peering",
      "name": "direction1",
      "provider": "provider[\"registry.terraform.io/hashicorp/azurerm\"]",
      "instances": [
        {
          "schema_version": 0,
          "attributes": {
            "allow_forwarded_traffic": false,
            "allow_gateway_transit": false,
            "allow_virtual_network_access": true,
            "id": "/subscriptions/52c8334e-33c1-4df4-bba5-859bf96b7377/resourceGroups/rg-net-core-hub-centralus/providers/Microsoft.Network/virtualNetworks/vnet-hub-centralus/virtualNetworkPeerings/vnet-hub-centralus-to-vnet-spk-centralus",
            "name": "vnet-hub-centralus-to-vnet-spk-centralus",
            "remote_virtual_network_id": "/subscriptions/52c8334e-33c1-4df4-bba5-859bf96b7377/resourceGroups/rg-net-spoke-centralus/providers/Microsoft.Network/virtualNetworks/vnet-spk-centralus",
            "resource_group_name": "rg-net-core-hub-centralus",
            "timeouts": null,
            "use_remote_gateways": false,
            "virtual_network_name": "vnet-hub-centralus"
          },
          "sensitive_attributes": [],
          "private": "eyJlMmJmYjczMC1lY2FhLTExZTYtOGY4OC0zNDM2M2JjN2M0YzAiOnsiY3JlYXRlIjoxODAwMDAwMDAwMDAwLCJkZWxldGUiOjE4MDAwMDAwMDAwMDAsInJlYWQiOjMwMDAwMDAwMDAwMCwidXBkYXRlIjoxODAwMDAwMDAwMDAwfX0=",
          "dependencies": [
            "azurerm_resource_group.hub_rg",
            "azurerm_resource_group.spoke_vnet_rg",
            "module.azure_firewall.azurerm_firewall.azure_firewall_instance",
            "module.azure_firewall.azurerm_firewall_policy.base_policy",
            "module.azure_firewall.azurerm_public_ip.azure_firewall",
            "module.azure_firewall.azurerm_subnet.azure_firewall",
            "module.hub_vnet.azurerm_virtual_network.vnet",
            "module.spoke_vnet.azurerm_virtual_network.vnet",
            "random_string.random"
          ]
        }
      ]
    },
    {
      "module": "module.peering_spoke_to_hub",
      "mode": "managed",
      "type": "azurerm_virtual_network_peering",
      "name": "direction2",
      "provider": "provider[\"registry.terraform.io/hashicorp/azurerm\"]",
      "instances": [
        {
          "schema_version": 0,
          "attributes": {
            "allow_forwarded_traffic": false,
            "allow_gateway_transit": false,
            "allow_virtual_network_access": true,
            "id": "/subscriptions/52c8334e-33c1-4df4-bba5-859bf96b7377/resourceGroups/rg-net-spoke-centralus/providers/Microsoft.Network/virtualNetworks/vnet-spk-centralus/virtualNetworkPeerings/vnet-spk-centralus-to-vnet-hub-centralus",
            "name": "vnet-spk-centralus-to-vnet-hub-centralus",
            "remote_virtual_network_id": "/subscriptions/52c8334e-33c1-4df4-bba5-859bf96b7377/resourceGroups/rg-net-core-hub-centralus/providers/Microsoft.Network/virtualNetworks/vnet-hub-centralus",
            "resource_group_name": "rg-net-spoke-centralus",
            "timeouts": null,
            "use_remote_gateways": false,
            "virtual_network_name": "vnet-spk-centralus"
          },
          "sensitive_attributes": [],
          "private": "eyJlMmJmYjczMC1lY2FhLTExZTYtOGY4OC0zNDM2M2JjN2M0YzAiOnsiY3JlYXRlIjoxODAwMDAwMDAwMDAwLCJkZWxldGUiOjE4MDAwMDAwMDAwMDAsInJlYWQiOjMwMDAwMDAwMDAwMCwidXBkYXRlIjoxODAwMDAwMDAwMDAwfX0=",
          "dependencies": [
            "azurerm_resource_group.hub_rg",
            "azurerm_resource_group.spoke_vnet_rg",
            "module.azure_firewall.azurerm_firewall.azure_firewall_instance",
            "module.azure_firewall.azurerm_firewall_policy.base_policy",
            "module.azure_firewall.azurerm_public_ip.azure_firewall",
            "module.azure_firewall.azurerm_subnet.azure_firewall",
            "module.hub_vnet.azurerm_virtual_network.vnet",
            "module.spoke_vnet.azurerm_virtual_network.vnet",
            "random_string.random"
          ]
        }
      ]
    },
    {
      "module": "module.private_dns",
      "mode": "managed",
      "type": "azurerm_private_dns_zone",
      "name": "acr_zone",
      "provider": "provider[\"registry.terraform.io/hashicorp/azurerm\"]",
      "instances": [
        {
          "schema_version": 0,
          "attributes": {
            "id": "/subscriptions/52c8334e-33c1-4df4-bba5-859bf96b7377/resourceGroups/rg-pdz-core-prod-centralus/providers/Microsoft.Network/privateDnsZones/privatelink.azurecr.io",
            "max_number_of_record_sets": 25000,
            "max_number_of_virtual_network_links": 1000,
            "max_number_of_virtual_network_links_with_registration": 100,
            "name": "privatelink.azurecr.io",
            "number_of_record_sets": 1,
            "resource_group_name": "rg-pdz-core-prod-centralus",
            "soa_record": [
              {
                "email": "azureprivatedns-host.microsoft.com",
                "expire_time": 2419200,
                "fqdn": "privatelink.azurecr.io.",
                "host_name": "azureprivatedns.net",
                "minimum_ttl": 10,
                "refresh_time": 3600,
                "retry_time": 300,
                "serial_number": 1,
                "tags": {},
                "ttl": 3600
              }
            ],
            "tags": null,
            "timeouts": null
          },
          "sensitive_attributes": [],
          "private": "eyJlMmJmYjczMC1lY2FhLTExZTYtOGY4OC0zNDM2M2JjN2M0YzAiOnsiY3JlYXRlIjoxODAwMDAwMDAwMDAwLCJkZWxldGUiOjE4MDAwMDAwMDAwMDAsInJlYWQiOjMwMDAwMDAwMDAwMCwidXBkYXRlIjoxODAwMDAwMDAwMDAwfX0=",
          "dependencies": [
            "azurerm_resource_group.svc_rg"
          ]
        }
      ]
    },
    {
      "module": "module.private_dns",
      "mode": "managed",
      "type": "azurerm_private_dns_zone",
      "name": "keyvault_zone",
      "provider": "provider[\"registry.terraform.io/hashicorp/azurerm\"]",
      "instances": [
        {
          "schema_version": 0,
          "attributes": {
            "id": "/subscriptions/52c8334e-33c1-4df4-bba5-859bf96b7377/resourceGroups/rg-pdz-core-prod-centralus/providers/Microsoft.Network/privateDnsZones/privatelink.vaultcore.azure.net",
            "max_number_of_record_sets": 25000,
            "max_number_of_virtual_network_links": 1000,
            "max_number_of_virtual_network_links_with_registration": 100,
            "name": "privatelink.vaultcore.azure.net",
            "number_of_record_sets": 1,
            "resource_group_name": "rg-pdz-core-prod-centralus",
            "soa_record": [
              {
                "email": "azureprivatedns-host.microsoft.com",
                "expire_time": 2419200,
                "fqdn": "privatelink.vaultcore.azure.net.",
                "host_name": "azureprivatedns.net",
                "minimum_ttl": 10,
                "refresh_time": 3600,
                "retry_time": 300,
                "serial_number": 1,
                "tags": {},
                "ttl": 3600
              }
            ],
            "tags": null,
            "timeouts": null
          },
          "sensitive_attributes": [],
          "private": "eyJlMmJmYjczMC1lY2FhLTExZTYtOGY4OC0zNDM2M2JjN2M0YzAiOnsiY3JlYXRlIjoxODAwMDAwMDAwMDAwLCJkZWxldGUiOjE4MDAwMDAwMDAwMDAsInJlYWQiOjMwMDAwMDAwMDAwMCwidXBkYXRlIjoxODAwMDAwMDAwMDAwfX0=",
          "dependencies": [
            "azurerm_resource_group.svc_rg"
          ]
        }
      ]
    },
    {
      "module": "module.private_dns",
      "mode": "managed",
      "type": "azurerm_private_dns_zone",
      "name": "machine_learning_workspace_api_zone",
      "provider": "provider[\"registry.terraform.io/hashicorp/azurerm\"]",
      "instances": [
        {
          "schema_version": 0,
          "attributes": {
            "id": "/subscriptions/52c8334e-33c1-4df4-bba5-859bf96b7377/resourceGroups/rg-pdz-core-prod-centralus/providers/Microsoft.Network/privateDnsZones/privatelink.api.azureml.ms",
            "max_number_of_record_sets": 25000,
            "max_number_of_virtual_network_links": 1000,
            "max_number_of_virtual_network_links_with_registration": 100,
            "name": "privatelink.api.azureml.ms",
            "number_of_record_sets": 1,
            "resource_group_name": "rg-pdz-core-prod-centralus",
            "soa_record": [
              {
                "email": "azureprivatedns-host.microsoft.com",
                "expire_time": 2419200,
                "fqdn": "privatelink.api.azureml.ms.",
                "host_name": "azureprivatedns.net",
                "minimum_ttl": 10,
                "refresh_time": 3600,
                "retry_time": 300,
                "serial_number": 1,
                "tags": {},
                "ttl": 3600
              }
            ],
            "tags": null,
            "timeouts": null
          },
          "sensitive_attributes": [],
          "private": "eyJlMmJmYjczMC1lY2FhLTExZTYtOGY4OC0zNDM2M2JjN2M0YzAiOnsiY3JlYXRlIjoxODAwMDAwMDAwMDAwLCJkZWxldGUiOjE4MDAwMDAwMDAwMDAsInJlYWQiOjMwMDAwMDAwMDAwMCwidXBkYXRlIjoxODAwMDAwMDAwMDAwfX0=",
          "dependencies": [
            "azurerm_resource_group.svc_rg"
          ]
        }
      ]
    },
    {
      "module": "module.private_dns",
      "mode": "managed",
      "type": "azurerm_private_dns_zone",
      "name": "machine_learning_workspace_notebooks_zone",
      "provider": "provider[\"registry.terraform.io/hashicorp/azurerm\"]",
      "instances": [
        {
          "schema_version": 0,
          "attributes": {
            "id": "/subscriptions/52c8334e-33c1-4df4-bba5-859bf96b7377/resourceGroups/rg-pdz-core-prod-centralus/providers/Microsoft.Network/privateDnsZones/privatelink.notebooks.azure.net",
            "max_number_of_record_sets": 25000,
            "max_number_of_virtual_network_links": 1000,
            "max_number_of_virtual_network_links_with_registration": 100,
            "name": "privatelink.notebooks.azure.net",
            "number_of_record_sets": 1,
            "resource_group_name": "rg-pdz-core-prod-centralus",
            "soa_record": [
              {
                "email": "azureprivatedns-host.microsoft.com",
                "expire_time": 2419200,
                "fqdn": "privatelink.notebooks.azure.net.",
                "host_name": "azureprivatedns.net",
                "minimum_ttl": 10,
                "refresh_time": 3600,
                "retry_time": 300,
                "serial_number": 1,
                "tags": {},
                "ttl": 3600
              }
            ],
            "tags": null,
            "timeouts": null
          },
          "sensitive_attributes": [],
          "private": "eyJlMmJmYjczMC1lY2FhLTExZTYtOGY4OC0zNDM2M2JjN2M0YzAiOnsiY3JlYXRlIjoxODAwMDAwMDAwMDAwLCJkZWxldGUiOjE4MDAwMDAwMDAwMDAsInJlYWQiOjMwMDAwMDAwMDAwMCwidXBkYXRlIjoxODAwMDAwMDAwMDAwfX0=",
          "dependencies": [
            "azurerm_resource_group.svc_rg"
          ]
        }
      ]
    },
    {
      "module": "module.private_dns",
      "mode": "managed",
      "type": "azurerm_private_dns_zone",
      "name": "storage_account_blob_zone",
      "provider": "provider[\"registry.terraform.io/hashicorp/azurerm\"]",
      "instances": [
        {
          "schema_version": 0,
          "attributes": {
            "id": "/subscriptions/52c8334e-33c1-4df4-bba5-859bf96b7377/resourceGroups/rg-pdz-core-prod-centralus/providers/Microsoft.Network/privateDnsZones/privatelink.blob.core.windows.net",
            "max_number_of_record_sets": 25000,
            "max_number_of_virtual_network_links": 1000,
            "max_number_of_virtual_network_links_with_registration": 100,
            "name": "privatelink.blob.core.windows.net",
            "number_of_record_sets": 1,
            "resource_group_name": "rg-pdz-core-prod-centralus",
            "soa_record": [
              {
                "email": "azureprivatedns-host.microsoft.com",
                "expire_time": 2419200,
                "fqdn": "privatelink.blob.core.windows.net.",
                "host_name": "azureprivatedns.net",
                "minimum_ttl": 10,
                "refresh_time": 3600,
                "retry_time": 300,
                "serial_number": 1,
                "tags": {},
                "ttl": 3600
              }
            ],
            "tags": null,
            "timeouts": null
          },
          "sensitive_attributes": [],
          "private": "eyJlMmJmYjczMC1lY2FhLTExZTYtOGY4OC0zNDM2M2JjN2M0YzAiOnsiY3JlYXRlIjoxODAwMDAwMDAwMDAwLCJkZWxldGUiOjE4MDAwMDAwMDAwMDAsInJlYWQiOjMwMDAwMDAwMDAwMCwidXBkYXRlIjoxODAwMDAwMDAwMDAwfX0=",
          "dependencies": [
            "azurerm_resource_group.svc_rg"
          ]
        }
      ]
    },
    {
      "module": "module.private_dns",
      "mode": "managed",
      "type": "azurerm_private_dns_zone",
      "name": "storage_account_file_zone",
      "provider": "provider[\"registry.terraform.io/hashicorp/azurerm\"]",
      "instances": [
        {
          "schema_version": 0,
          "attributes": {
            "id": "/subscriptions/52c8334e-33c1-4df4-bba5-859bf96b7377/resourceGroups/rg-pdz-core-prod-centralus/providers/Microsoft.Network/privateDnsZones/privatelink.file.core.windows.net",
            "max_number_of_record_sets": 25000,
            "max_number_of_virtual_network_links": 1000,
            "max_number_of_virtual_network_links_with_registration": 100,
            "name": "privatelink.file.core.windows.net",
            "number_of_record_sets": 1,
            "resource_group_name": "rg-pdz-core-prod-centralus",
            "soa_record": [
              {
                "email": "azureprivatedns-host.microsoft.com",
                "expire_time": 2419200,
                "fqdn": "privatelink.file.core.windows.net.",
                "host_name": "azureprivatedns.net",
                "minimum_ttl": 10,
                "refresh_time": 3600,
                "retry_time": 300,
                "serial_number": 1,
                "tags": {},
                "ttl": 3600
              }
            ],
            "tags": null,
            "timeouts": null
          },
          "sensitive_attributes": [],
          "private": "eyJlMmJmYjczMC1lY2FhLTExZTYtOGY4OC0zNDM2M2JjN2M0YzAiOnsiY3JlYXRlIjoxODAwMDAwMDAwMDAwLCJkZWxldGUiOjE4MDAwMDAwMDAwMDAsInJlYWQiOjMwMDAwMDAwMDAwMCwidXBkYXRlIjoxODAwMDAwMDAwMDAwfX0=",
          "dependencies": [
            "azurerm_resource_group.svc_rg"
          ]
        }
      ]
    },
    {
      "module": "module.private_dns",
      "mode": "managed",
      "type": "azurerm_private_dns_zone_virtual_network_link",
      "name": "acr-hub-link",
      "provider": "provider[\"registry.terraform.io/hashicorp/azurerm\"]",
      "instances": [
        {
          "schema_version": 0,
          "attributes": {
            "id": "/subscriptions/52c8334e-33c1-4df4-bba5-859bf96b7377/resourceGroups/rg-pdz-core-prod-centralus/providers/Microsoft.Network/privateDnsZones/privatelink.azurecr.io/virtualNetworkLinks/acr-zone-hub-link",
            "name": "acr-zone-hub-link",
            "private_dns_zone_name": "privatelink.azurecr.io",
            "registration_enabled": false,
            "resource_group_name": "rg-pdz-core-prod-centralus",
            "tags": null,
            "timeouts": null,
            "virtual_network_id": "/subscriptions/52c8334e-33c1-4df4-bba5-859bf96b7377/resourceGroups/rg-net-core-hub-centralus/providers/Microsoft.Network/virtualNetworks/vnet-hub-centralus"
          },
          "sensitive_attributes": [],
          "private": "eyJlMmJmYjczMC1lY2FhLTExZTYtOGY4OC0zNDM2M2JjN2M0YzAiOnsiY3JlYXRlIjoxODAwMDAwMDAwMDAwLCJkZWxldGUiOjE4MDAwMDAwMDAwMDAsInJlYWQiOjMwMDAwMDAwMDAwMCwidXBkYXRlIjoxODAwMDAwMDAwMDAwfX0=",
          "dependencies": [
            "azurerm_resource_group.hub_rg",
            "azurerm_resource_group.svc_rg",
            "module.hub_vnet.azurerm_virtual_network.vnet",
            "module.private_dns.azurerm_private_dns_zone.acr_zone"
          ]
        }
      ]
    },
    {
      "module": "module.private_dns",
      "mode": "managed",
      "type": "azurerm_private_dns_zone_virtual_network_link",
      "name": "kv-hub-link",
      "provider": "provider[\"registry.terraform.io/hashicorp/azurerm\"]",
      "instances": [
        {
          "schema_version": 0,
          "attributes": {
            "id": "/subscriptions/52c8334e-33c1-4df4-bba5-859bf96b7377/resourceGroups/rg-pdz-core-prod-centralus/providers/Microsoft.Network/privateDnsZones/privatelink.vaultcore.azure.net/virtualNetworkLinks/keyvault-zone-hub-link",
            "name": "keyvault-zone-hub-link",
            "private_dns_zone_name": "privatelink.vaultcore.azure.net",
            "registration_enabled": false,
            "resource_group_name": "rg-pdz-core-prod-centralus",
            "tags": null,
            "timeouts": null,
            "virtual_network_id": "/subscriptions/52c8334e-33c1-4df4-bba5-859bf96b7377/resourceGroups/rg-net-core-hub-centralus/providers/Microsoft.Network/virtualNetworks/vnet-hub-centralus"
          },
          "sensitive_attributes": [],
          "private": "eyJlMmJmYjczMC1lY2FhLTExZTYtOGY4OC0zNDM2M2JjN2M0YzAiOnsiY3JlYXRlIjoxODAwMDAwMDAwMDAwLCJkZWxldGUiOjE4MDAwMDAwMDAwMDAsInJlYWQiOjMwMDAwMDAwMDAwMCwidXBkYXRlIjoxODAwMDAwMDAwMDAwfX0=",
          "dependencies": [
            "azurerm_resource_group.hub_rg",
            "azurerm_resource_group.svc_rg",
            "module.hub_vnet.azurerm_virtual_network.vnet",
            "module.private_dns.azurerm_private_dns_zone.keyvault_zone"
          ]
        }
      ]
    },
    {
      "module": "module.private_dns",
      "mode": "managed",
      "type": "azurerm_private_dns_zone_virtual_network_link",
      "name": "machine-learning-workspace-api-hub-link",
      "provider": "provider[\"registry.terraform.io/hashicorp/azurerm\"]",
      "instances": [
        {
          "schema_version": 0,
          "attributes": {
            "id": "/subscriptions/52c8334e-33c1-4df4-bba5-859bf96b7377/resourceGroups/rg-pdz-core-prod-centralus/providers/Microsoft.Network/privateDnsZones/privatelink.api.azureml.ms/virtualNetworkLinks/machine-learning-workspace-api-zone-hub-link",
            "name": "machine-learning-workspace-api-zone-hub-link",
            "private_dns_zone_name": "privatelink.api.azureml.ms",
            "registration_enabled": false,
            "resource_group_name": "rg-pdz-core-prod-centralus",
            "tags": null,
            "timeouts": null,
            "virtual_network_id": "/subscriptions/52c8334e-33c1-4df4-bba5-859bf96b7377/resourceGroups/rg-net-core-hub-centralus/providers/Microsoft.Network/virtualNetworks/vnet-hub-centralus"
          },
          "sensitive_attributes": [],
          "private": "eyJlMmJmYjczMC1lY2FhLTExZTYtOGY4OC0zNDM2M2JjN2M0YzAiOnsiY3JlYXRlIjoxODAwMDAwMDAwMDAwLCJkZWxldGUiOjE4MDAwMDAwMDAwMDAsInJlYWQiOjMwMDAwMDAwMDAwMCwidXBkYXRlIjoxODAwMDAwMDAwMDAwfX0=",
          "dependencies": [
            "azurerm_resource_group.hub_rg",
            "azurerm_resource_group.svc_rg",
            "module.hub_vnet.azurerm_virtual_network.vnet",
            "module.private_dns.azurerm_private_dns_zone.machine_learning_workspace_api_zone"
          ]
        }
      ]
    },
    {
      "module": "module.private_dns",
      "mode": "managed",
      "type": "azurerm_private_dns_zone_virtual_network_link",
      "name": "machine_learning_workspace_notebooks-hub-link",
      "provider": "provider[\"registry.terraform.io/hashicorp/azurerm\"]",
      "instances": [
        {
          "schema_version": 0,
          "attributes": {
            "id": "/subscriptions/52c8334e-33c1-4df4-bba5-859bf96b7377/resourceGroups/rg-pdz-core-prod-centralus/providers/Microsoft.Network/privateDnsZones/privatelink.notebooks.azure.net/virtualNetworkLinks/machine-learning-workspace-notebook-zone-hub-link",
            "name": "machine-learning-workspace-notebook-zone-hub-link",
            "private_dns_zone_name": "privatelink.notebooks.azure.net",
            "registration_enabled": false,
            "resource_group_name": "rg-pdz-core-prod-centralus",
            "tags": null,
            "timeouts": null,
            "virtual_network_id": "/subscriptions/52c8334e-33c1-4df4-bba5-859bf96b7377/resourceGroups/rg-net-core-hub-centralus/providers/Microsoft.Network/virtualNetworks/vnet-hub-centralus"
          },
          "sensitive_attributes": [],
          "private": "eyJlMmJmYjczMC1lY2FhLTExZTYtOGY4OC0zNDM2M2JjN2M0YzAiOnsiY3JlYXRlIjoxODAwMDAwMDAwMDAwLCJkZWxldGUiOjE4MDAwMDAwMDAwMDAsInJlYWQiOjMwMDAwMDAwMDAwMCwidXBkYXRlIjoxODAwMDAwMDAwMDAwfX0=",
          "dependencies": [
            "azurerm_resource_group.hub_rg",
            "azurerm_resource_group.svc_rg",
            "module.hub_vnet.azurerm_virtual_network.vnet",
            "module.private_dns.azurerm_private_dns_zone.machine_learning_workspace_notebooks_zone"
          ]
        }
      ]
    },
    {
      "module": "module.private_dns",
      "mode": "managed",
      "type": "azurerm_private_dns_zone_virtual_network_link",
      "name": "storage-account-blob-hub-link",
      "provider": "provider[\"registry.terraform.io/hashicorp/azurerm\"]",
      "instances": [
        {
          "schema_version": 0,
          "attributes": {
            "id": "/subscriptions/52c8334e-33c1-4df4-bba5-859bf96b7377/resourceGroups/rg-pdz-core-prod-centralus/providers/Microsoft.Network/privateDnsZones/privatelink.blob.core.windows.net/virtualNetworkLinks/storage-account-blob-zone-hub-link",
            "name": "storage-account-blob-zone-hub-link",
            "private_dns_zone_name": "privatelink.blob.core.windows.net",
            "registration_enabled": false,
            "resource_group_name": "rg-pdz-core-prod-centralus",
            "tags": null,
            "timeouts": null,
            "virtual_network_id": "/subscriptions/52c8334e-33c1-4df4-bba5-859bf96b7377/resourceGroups/rg-net-core-hub-centralus/providers/Microsoft.Network/virtualNetworks/vnet-hub-centralus"
          },
          "sensitive_attributes": [],
          "private": "eyJlMmJmYjczMC1lY2FhLTExZTYtOGY4OC0zNDM2M2JjN2M0YzAiOnsiY3JlYXRlIjoxODAwMDAwMDAwMDAwLCJkZWxldGUiOjE4MDAwMDAwMDAwMDAsInJlYWQiOjMwMDAwMDAwMDAwMCwidXBkYXRlIjoxODAwMDAwMDAwMDAwfX0=",
          "dependencies": [
            "azurerm_resource_group.hub_rg",
            "azurerm_resource_group.svc_rg",
            "module.hub_vnet.azurerm_virtual_network.vnet",
            "module.private_dns.azurerm_private_dns_zone.storage_account_blob_zone"
          ]
        }
      ]
    },
    {
      "module": "module.private_dns",
      "mode": "managed",
      "type": "azurerm_private_dns_zone_virtual_network_link",
      "name": "storage-account-file-hub-link",
      "provider": "provider[\"registry.terraform.io/hashicorp/azurerm\"]",
      "instances": [
        {
          "schema_version": 0,
          "attributes": {
            "id": "/subscriptions/52c8334e-33c1-4df4-bba5-859bf96b7377/resourceGroups/rg-pdz-core-prod-centralus/providers/Microsoft.Network/privateDnsZones/privatelink.file.core.windows.net/virtualNetworkLinks/storage-account-file-zone-hub-link",
            "name": "storage-account-file-zone-hub-link",
            "private_dns_zone_name": "privatelink.file.core.windows.net",
            "registration_enabled": false,
            "resource_group_name": "rg-pdz-core-prod-centralus",
            "tags": null,
            "timeouts": null,
            "virtual_network_id": "/subscriptions/52c8334e-33c1-4df4-bba5-859bf96b7377/resourceGroups/rg-net-core-hub-centralus/providers/Microsoft.Network/virtualNetworks/vnet-hub-centralus"
          },
          "sensitive_attributes": [],
          "private": "eyJlMmJmYjczMC1lY2FhLTExZTYtOGY4OC0zNDM2M2JjN2M0YzAiOnsiY3JlYXRlIjoxODAwMDAwMDAwMDAwLCJkZWxldGUiOjE4MDAwMDAwMDAwMDAsInJlYWQiOjMwMDAwMDAwMDAwMCwidXBkYXRlIjoxODAwMDAwMDAwMDAwfX0=",
          "dependencies": [
            "azurerm_resource_group.hub_rg",
            "azurerm_resource_group.svc_rg",
            "module.hub_vnet.azurerm_virtual_network.vnet",
            "module.private_dns.azurerm_private_dns_zone.storage_account_file_zone"
          ]
        }
      ]
    },
    {
      "module": "module.spoke_vnet",
      "mode": "managed",
      "type": "azurerm_virtual_network",
      "name": "vnet",
      "provider": "provider[\"registry.terraform.io/hashicorp/azurerm\"]",
      "instances": [
        {
          "schema_version": 0,
          "attributes": {
            "address_space": [
              "10.3.0.0/16"
            ],
            "bgp_community": "",
            "ddos_protection_plan": [],
            "dns_servers": [
              "10.1.4.4"
            ],
            "guid": "4ab7aff0-1deb-42a1-9eaa-7156bad5525f",
            "id": "/subscriptions/52c8334e-33c1-4df4-bba5-859bf96b7377/resourceGroups/rg-net-spoke-centralus/providers/Microsoft.Network/virtualNetworks/vnet-spk-centralus",
            "location": "centralus",
            "name": "vnet-spk-centralus",
            "resource_group_name": "rg-net-spoke-centralus",
            "subnet": [],
            "tags": {
              "application": "networking"
            },
            "timeouts": null,
            "vm_protection_enabled": false
          },
          "sensitive_attributes": [],
          "private": "eyJlMmJmYjczMC1lY2FhLTExZTYtOGY4OC0zNDM2M2JjN2M0YzAiOnsiY3JlYXRlIjoxODAwMDAwMDAwMDAwLCJkZWxldGUiOjE4MDAwMDAwMDAwMDAsInJlYWQiOjMwMDAwMDAwMDAwMCwidXBkYXRlIjoxODAwMDAwMDAwMDAwfX0=",
          "dependencies": [
            "azurerm_resource_group.hub_rg",
            "azurerm_resource_group.spoke_vnet_rg",
            "module.azure_firewall.azurerm_firewall.azure_firewall_instance",
            "module.azure_firewall.azurerm_firewall_policy.base_policy",
            "module.azure_firewall.azurerm_public_ip.azure_firewall",
            "module.azure_firewall.azurerm_subnet.azure_firewall",
            "module.hub_vnet.azurerm_virtual_network.vnet",
            "random_string.random"
          ]
        }
      ]
    },
    {
      "module": "module.spoke_vnet_aks_subnet",
      "mode": "data",
      "type": "azurerm_virtual_network",
      "name": "vnet_name",
      "provider": "provider[\"registry.terraform.io/hashicorp/azurerm\"]",
      "instances": [
        {
          "schema_version": 0,
          "attributes": {
            "address_space": [
              "10.3.0.0/16"
            ],
            "dns_servers": [
              "10.1.4.4"
            ],
            "guid": "4ab7aff0-1deb-42a1-9eaa-7156bad5525f",
            "id": "/subscriptions/52c8334e-33c1-4df4-bba5-859bf96b7377/resourceGroups/rg-net-spoke-centralus/providers/Microsoft.Network/virtualNetworks/vnet-spk-centralus",
            "location": "centralus",
            "name": "vnet-spk-centralus",
            "resource_group_name": "rg-net-spoke-centralus",
            "subnets": [
              "snet-scoring",
              "snet-aks"
            ],
            "timeouts": null,
            "vnet_peerings": {
              "vnet-spk-centralus-to-vnet-hub-centralus": "/subscriptions/52c8334e-33c1-4df4-bba5-859bf96b7377/resourceGroups/rg-net-core-hub-centralus/providers/Microsoft.Network/virtualNetworks/vnet-hub-centralus"
            }
          },
          "sensitive_attributes": []
        }
      ]
    },
    {
      "module": "module.spoke_vnet_aks_subnet",
      "mode": "managed",
      "type": "azurerm_route_table",
      "name": "rt",
      "provider": "provider[\"registry.terraform.io/hashicorp/azurerm\"]",
      "instances": [
        {
          "schema_version": 0,
          "attributes": {
            "disable_bgp_route_propagation": false,
            "id": "/subscriptions/52c8334e-33c1-4df4-bba5-859bf96b7377/resourceGroups/rg-net-spoke-centralus/providers/Microsoft.Network/routeTables/rt-snet-aks",
            "location": "centralus",
            "name": "rt-snet-aks",
            "resource_group_name": "rg-net-spoke-centralus",
            "route": [
              {
                "address_prefix": "0.0.0.0/0",
                "name": "default_egress",
                "next_hop_in_ip_address": "10.1.4.4",
                "next_hop_type": "VirtualAppliance"
              }
            ],
            "subnets": [],
            "tags": null,
            "timeouts": null
          },
          "sensitive_attributes": [],
          "private": "eyJlMmJmYjczMC1lY2FhLTExZTYtOGY4OC0zNDM2M2JjN2M0YzAiOnsiY3JlYXRlIjoxODAwMDAwMDAwMDAwLCJkZWxldGUiOjE4MDAwMDAwMDAwMDAsInJlYWQiOjMwMDAwMDAwMDAwMCwidXBkYXRlIjoxODAwMDAwMDAwMDAwfX0=",
          "dependencies": [
            "azurerm_resource_group.hub_rg",
            "azurerm_resource_group.spoke_vnet_rg",
            "module.azure_firewall.azurerm_firewall.azure_firewall_instance",
            "module.azure_firewall.azurerm_firewall_policy.base_policy",
            "module.azure_firewall.azurerm_public_ip.azure_firewall",
            "module.azure_firewall.azurerm_subnet.azure_firewall",
            "module.hub_vnet.azurerm_virtual_network.vnet",
            "module.spoke_vnet.azurerm_virtual_network.vnet",
            "module.spoke_vnet_aks_subnet.azurerm_subnet.vnet",
            "module.spoke_vnet_aks_subnet.data.azurerm_virtual_network.vnet_name",
            "random_string.random"
          ]
        }
      ]
    },
    {
      "module": "module.spoke_vnet_aks_subnet",
      "mode": "managed",
      "type": "azurerm_subnet",
      "name": "vnet",
      "provider": "provider[\"registry.terraform.io/hashicorp/azurerm\"]",
      "instances": [
        {
          "schema_version": 0,
          "attributes": {
            "address_prefix": "10.3.2.0/24",
            "address_prefixes": [
              "10.3.2.0/24"
            ],
            "delegation": [],
            "enforce_private_link_endpoint_network_policies": true,
            "enforce_private_link_service_network_policies": false,
            "id": "/subscriptions/52c8334e-33c1-4df4-bba5-859bf96b7377/resourceGroups/rg-net-spoke-centralus/providers/Microsoft.Network/virtualNetworks/vnet-spk-centralus/subnets/snet-aks",
            "name": "snet-aks",
            "resource_group_name": "rg-net-spoke-centralus",
            "service_endpoint_policy_ids": null,
            "service_endpoints": null,
            "timeouts": null,
            "virtual_network_name": "vnet-spk-centralus"
          },
          "sensitive_attributes": [],
          "private": "eyJlMmJmYjczMC1lY2FhLTExZTYtOGY4OC0zNDM2M2JjN2M0YzAiOnsiY3JlYXRlIjoxODAwMDAwMDAwMDAwLCJkZWxldGUiOjE4MDAwMDAwMDAwMDAsInJlYWQiOjMwMDAwMDAwMDAwMCwidXBkYXRlIjoxODAwMDAwMDAwMDAwfX0=",
          "dependencies": [
            "azurerm_resource_group.hub_rg",
            "azurerm_resource_group.spoke_vnet_rg",
            "module.azure_firewall.azurerm_firewall.azure_firewall_instance",
            "module.azure_firewall.azurerm_firewall_policy.base_policy",
            "module.azure_firewall.azurerm_public_ip.azure_firewall",
            "module.azure_firewall.azurerm_subnet.azure_firewall",
            "module.hub_vnet.azurerm_virtual_network.vnet",
            "module.spoke_vnet.azurerm_virtual_network.vnet",
            "random_string.random"
          ]
        }
      ]
    },
    {
      "module": "module.spoke_vnet_aks_subnet",
      "mode": "managed",
      "type": "azurerm_subnet_route_table_association",
      "name": "route_assoc",
      "provider": "provider[\"registry.terraform.io/hashicorp/azurerm\"]",
      "instances": [
        {
          "schema_version": 0,
          "attributes": {
            "id": "/subscriptions/52c8334e-33c1-4df4-bba5-859bf96b7377/resourceGroups/rg-net-spoke-centralus/providers/Microsoft.Network/virtualNetworks/vnet-spk-centralus/subnets/snet-aks",
            "route_table_id": "/subscriptions/52c8334e-33c1-4df4-bba5-859bf96b7377/resourceGroups/rg-net-spoke-centralus/providers/Microsoft.Network/routeTables/rt-snet-aks",
            "subnet_id": "/subscriptions/52c8334e-33c1-4df4-bba5-859bf96b7377/resourceGroups/rg-net-spoke-centralus/providers/Microsoft.Network/virtualNetworks/vnet-spk-centralus/subnets/snet-aks",
            "timeouts": null
          },
          "sensitive_attributes": [],
          "private": "eyJlMmJmYjczMC1lY2FhLTExZTYtOGY4OC0zNDM2M2JjN2M0YzAiOnsiY3JlYXRlIjoxODAwMDAwMDAwMDAwLCJkZWxldGUiOjE4MDAwMDAwMDAwMDAsInJlYWQiOjMwMDAwMDAwMDAwMCwidXBkYXRlIjoxODAwMDAwMDAwMDAwfX0=",
          "dependencies": [
            "azurerm_resource_group.hub_rg",
            "azurerm_resource_group.spoke_vnet_rg",
            "module.azure_firewall.azurerm_firewall.azure_firewall_instance",
            "module.azure_firewall.azurerm_firewall_policy.base_policy",
            "module.azure_firewall.azurerm_public_ip.azure_firewall",
            "module.azure_firewall.azurerm_subnet.azure_firewall",
            "module.hub_vnet.azurerm_virtual_network.vnet",
            "module.spoke_vnet.azurerm_virtual_network.vnet",
            "module.spoke_vnet_aks_subnet.azurerm_route_table.rt",
            "module.spoke_vnet_aks_subnet.azurerm_subnet.vnet",
            "module.spoke_vnet_aks_subnet.data.azurerm_virtual_network.vnet_name",
            "random_string.random"
          ]
        }
      ]
    },
    {
      "module": "module.spoke_vnet_scoring_subnet",
      "mode": "data",
      "type": "azurerm_virtual_network",
      "name": "vnet_name",
      "provider": "provider[\"registry.terraform.io/hashicorp/azurerm\"]",
      "instances": [
        {
          "schema_version": 0,
          "attributes": {
            "address_space": [
              "10.3.0.0/16"
            ],
            "dns_servers": [
              "10.1.4.4"
            ],
            "guid": "4ab7aff0-1deb-42a1-9eaa-7156bad5525f",
            "id": "/subscriptions/52c8334e-33c1-4df4-bba5-859bf96b7377/resourceGroups/rg-net-spoke-centralus/providers/Microsoft.Network/virtualNetworks/vnet-spk-centralus",
            "location": "centralus",
            "name": "vnet-spk-centralus",
            "resource_group_name": "rg-net-spoke-centralus",
            "subnets": [
              "snet-scoring",
              "snet-aks"
            ],
            "timeouts": null,
            "vnet_peerings": {
              "vnet-spk-centralus-to-vnet-hub-centralus": "/subscriptions/52c8334e-33c1-4df4-bba5-859bf96b7377/resourceGroups/rg-net-core-hub-centralus/providers/Microsoft.Network/virtualNetworks/vnet-hub-centralus"
            }
          },
          "sensitive_attributes": []
        }
      ]
    },
    {
      "module": "module.spoke_vnet_scoring_subnet",
      "mode": "managed",
      "type": "azurerm_route_table",
      "name": "rt",
      "provider": "provider[\"registry.terraform.io/hashicorp/azurerm\"]",
      "instances": [
        {
          "schema_version": 0,
          "attributes": {
            "disable_bgp_route_propagation": false,
            "id": "/subscriptions/52c8334e-33c1-4df4-bba5-859bf96b7377/resourceGroups/rg-net-spoke-centralus/providers/Microsoft.Network/routeTables/rt-snet-scoring",
            "location": "centralus",
            "name": "rt-snet-scoring",
            "resource_group_name": "rg-net-spoke-centralus",
            "route": [
              {
                "address_prefix": "0.0.0.0/0",
                "name": "default_egress",
                "next_hop_in_ip_address": "10.1.4.4",
                "next_hop_type": "VirtualAppliance"
              }
            ],
            "subnets": [],
            "tags": null,
            "timeouts": null
          },
          "sensitive_attributes": [],
          "private": "eyJlMmJmYjczMC1lY2FhLTExZTYtOGY4OC0zNDM2M2JjN2M0YzAiOnsiY3JlYXRlIjoxODAwMDAwMDAwMDAwLCJkZWxldGUiOjE4MDAwMDAwMDAwMDAsInJlYWQiOjMwMDAwMDAwMDAwMCwidXBkYXRlIjoxODAwMDAwMDAwMDAwfX0=",
          "dependencies": [
            "azurerm_resource_group.hub_rg",
            "azurerm_resource_group.spoke_vnet_rg",
            "module.azure_firewall.azurerm_firewall.azure_firewall_instance",
            "module.azure_firewall.azurerm_firewall_policy.base_policy",
            "module.azure_firewall.azurerm_public_ip.azure_firewall",
            "module.azure_firewall.azurerm_subnet.azure_firewall",
            "module.hub_vnet.azurerm_virtual_network.vnet",
            "module.spoke_vnet.azurerm_virtual_network.vnet",
            "module.spoke_vnet_scoring_subnet.azurerm_subnet.vnet",
            "module.spoke_vnet_scoring_subnet.data.azurerm_virtual_network.vnet_name",
            "random_string.random"
          ]
        }
      ]
    },
    {
      "module": "module.spoke_vnet_scoring_subnet",
      "mode": "managed",
      "type": "azurerm_subnet",
      "name": "vnet",
      "provider": "provider[\"registry.terraform.io/hashicorp/azurerm\"]",
      "instances": [
        {
          "schema_version": 0,
          "attributes": {
            "address_prefix": "10.3.4.0/24",
            "address_prefixes": [
              "10.3.4.0/24"
            ],
            "delegation": [],
            "enforce_private_link_endpoint_network_policies": true,
            "enforce_private_link_service_network_policies": false,
            "id": "/subscriptions/52c8334e-33c1-4df4-bba5-859bf96b7377/resourceGroups/rg-net-spoke-centralus/providers/Microsoft.Network/virtualNetworks/vnet-spk-centralus/subnets/snet-scoring",
            "name": "snet-scoring",
            "resource_group_name": "rg-net-spoke-centralus",
            "service_endpoint_policy_ids": null,
            "service_endpoints": null,
            "timeouts": null,
            "virtual_network_name": "vnet-spk-centralus"
          },
          "sensitive_attributes": [],
          "private": "eyJlMmJmYjczMC1lY2FhLTExZTYtOGY4OC0zNDM2M2JjN2M0YzAiOnsiY3JlYXRlIjoxODAwMDAwMDAwMDAwLCJkZWxldGUiOjE4MDAwMDAwMDAwMDAsInJlYWQiOjMwMDAwMDAwMDAwMCwidXBkYXRlIjoxODAwMDAwMDAwMDAwfX0=",
          "dependencies": [
            "azurerm_resource_group.hub_rg",
            "azurerm_resource_group.spoke_vnet_rg",
            "module.azure_firewall.azurerm_firewall.azure_firewall_instance",
            "module.azure_firewall.azurerm_firewall_policy.base_policy",
            "module.azure_firewall.azurerm_public_ip.azure_firewall",
            "module.azure_firewall.azurerm_subnet.azure_firewall",
            "module.hub_vnet.azurerm_virtual_network.vnet",
            "module.spoke_vnet.azurerm_virtual_network.vnet",
            "random_string.random"
          ]
        }
      ]
    },
    {
      "module": "module.spoke_vnet_scoring_subnet",
      "mode": "managed",
      "type": "azurerm_subnet_route_table_association",
      "name": "route_assoc",
      "provider": "provider[\"registry.terraform.io/hashicorp/azurerm\"]",
      "instances": [
        {
          "schema_version": 0,
          "attributes": {
            "id": "/subscriptions/52c8334e-33c1-4df4-bba5-859bf96b7377/resourceGroups/rg-net-spoke-centralus/providers/Microsoft.Network/virtualNetworks/vnet-spk-centralus/subnets/snet-scoring",
            "route_table_id": "/subscriptions/52c8334e-33c1-4df4-bba5-859bf96b7377/resourceGroups/rg-net-spoke-centralus/providers/Microsoft.Network/routeTables/rt-snet-scoring",
            "subnet_id": "/subscriptions/52c8334e-33c1-4df4-bba5-859bf96b7377/resourceGroups/rg-net-spoke-centralus/providers/Microsoft.Network/virtualNetworks/vnet-spk-centralus/subnets/snet-scoring",
            "timeouts": null
          },
          "sensitive_attributes": [],
          "private": "eyJlMmJmYjczMC1lY2FhLTExZTYtOGY4OC0zNDM2M2JjN2M0YzAiOnsiY3JlYXRlIjoxODAwMDAwMDAwMDAwLCJkZWxldGUiOjE4MDAwMDAwMDAwMDAsInJlYWQiOjMwMDAwMDAwMDAwMCwidXBkYXRlIjoxODAwMDAwMDAwMDAwfX0=",
          "dependencies": [
            "azurerm_resource_group.hub_rg",
            "azurerm_resource_group.spoke_vnet_rg",
            "module.azure_firewall.azurerm_firewall.azure_firewall_instance",
            "module.azure_firewall.azurerm_firewall_policy.base_policy",
            "module.azure_firewall.azurerm_public_ip.azure_firewall",
            "module.azure_firewall.azurerm_subnet.azure_firewall",
            "module.hub_vnet.azurerm_virtual_network.vnet",
            "module.spoke_vnet.azurerm_virtual_network.vnet",
            "module.spoke_vnet_scoring_subnet.azurerm_route_table.rt",
            "module.spoke_vnet_scoring_subnet.azurerm_subnet.vnet",
            "module.spoke_vnet_scoring_subnet.data.azurerm_virtual_network.vnet_name",
            "random_string.random"
          ]
        }
      ]
    },
    {
      "module": "module.spoke_vnet_training_subnet",
      "mode": "data",
      "type": "azurerm_virtual_network",
      "name": "vnet_name",
      "provider": "provider[\"registry.terraform.io/hashicorp/azurerm\"]",
      "instances": [
        {
          "schema_version": 0,
          "attributes": {
            "address_space": [
              "10.3.0.0/16"
            ],
            "dns_servers": [
              "10.1.4.4"
            ],
            "guid": "4ab7aff0-1deb-42a1-9eaa-7156bad5525f",
            "id": "/subscriptions/52c8334e-33c1-4df4-bba5-859bf96b7377/resourceGroups/rg-net-spoke-centralus/providers/Microsoft.Network/virtualNetworks/vnet-spk-centralus",
            "location": "centralus",
            "name": "vnet-spk-centralus",
            "resource_group_name": "rg-net-spoke-centralus",
            "subnets": [
              "snet-scoring",
              "snet-aks",
              "snet-training"
            ],
            "timeouts": null,
            "vnet_peerings": {
              "vnet-spk-centralus-to-vnet-hub-centralus": "/subscriptions/52c8334e-33c1-4df4-bba5-859bf96b7377/resourceGroups/rg-net-core-hub-centralus/providers/Microsoft.Network/virtualNetworks/vnet-hub-centralus"
            }
          },
          "sensitive_attributes": []
        }
      ]
    },
    {
      "module": "module.spoke_vnet_training_subnet",
      "mode": "managed",
      "type": "azurerm_route_table",
      "name": "rt",
      "provider": "provider[\"registry.terraform.io/hashicorp/azurerm\"]",
      "instances": [
        {
          "schema_version": 0,
          "attributes": {
            "disable_bgp_route_propagation": false,
            "id": "/subscriptions/52c8334e-33c1-4df4-bba5-859bf96b7377/resourceGroups/rg-net-spoke-centralus/providers/Microsoft.Network/routeTables/rt-snet-training",
            "location": "centralus",
            "name": "rt-snet-training",
            "resource_group_name": "rg-net-spoke-centralus",
            "route": [
              {
                "address_prefix": "0.0.0.0/0",
                "name": "default_egress",
                "next_hop_in_ip_address": "10.1.4.4",
                "next_hop_type": "VirtualAppliance"
              }
            ],
            "subnets": [],
            "tags": null,
            "timeouts": null
          },
          "sensitive_attributes": [],
          "private": "eyJlMmJmYjczMC1lY2FhLTExZTYtOGY4OC0zNDM2M2JjN2M0YzAiOnsiY3JlYXRlIjoxODAwMDAwMDAwMDAwLCJkZWxldGUiOjE4MDAwMDAwMDAwMDAsInJlYWQiOjMwMDAwMDAwMDAwMCwidXBkYXRlIjoxODAwMDAwMDAwMDAwfX0=",
          "dependencies": [
            "azurerm_resource_group.hub_rg",
            "azurerm_resource_group.spoke_vnet_rg",
            "module.azure_firewall.azurerm_firewall.azure_firewall_instance",
            "module.azure_firewall.azurerm_firewall_policy.base_policy",
            "module.azure_firewall.azurerm_public_ip.azure_firewall",
            "module.azure_firewall.azurerm_subnet.azure_firewall",
            "module.hub_vnet.azurerm_virtual_network.vnet",
            "module.spoke_vnet.azurerm_virtual_network.vnet",
            "module.spoke_vnet_training_subnet.azurerm_subnet.vnet",
            "module.spoke_vnet_training_subnet.data.azurerm_virtual_network.vnet_name",
            "random_string.random"
          ]
        }
      ]
    },
    {
      "module": "module.spoke_vnet_training_subnet",
      "mode": "managed",
      "type": "azurerm_subnet",
      "name": "vnet",
      "provider": "provider[\"registry.terraform.io/hashicorp/azurerm\"]",
      "instances": [
        {
          "schema_version": 0,
          "attributes": {
            "address_prefix": "10.3.3.0/24",
            "address_prefixes": [
              "10.3.3.0/24"
            ],
            "delegation": [],
            "enforce_private_link_endpoint_network_policies": true,
            "enforce_private_link_service_network_policies": false,
            "id": "/subscriptions/52c8334e-33c1-4df4-bba5-859bf96b7377/resourceGroups/rg-net-spoke-centralus/providers/Microsoft.Network/virtualNetworks/vnet-spk-centralus/subnets/snet-training",
            "name": "snet-training",
            "resource_group_name": "rg-net-spoke-centralus",
            "service_endpoint_policy_ids": null,
            "service_endpoints": null,
            "timeouts": null,
            "virtual_network_name": "vnet-spk-centralus"
          },
          "sensitive_attributes": [],
          "private": "eyJlMmJmYjczMC1lY2FhLTExZTYtOGY4OC0zNDM2M2JjN2M0YzAiOnsiY3JlYXRlIjoxODAwMDAwMDAwMDAwLCJkZWxldGUiOjE4MDAwMDAwMDAwMDAsInJlYWQiOjMwMDAwMDAwMDAwMCwidXBkYXRlIjoxODAwMDAwMDAwMDAwfX0=",
          "dependencies": [
            "azurerm_resource_group.hub_rg",
            "azurerm_resource_group.spoke_vnet_rg",
            "module.azure_firewall.azurerm_firewall.azure_firewall_instance",
            "module.azure_firewall.azurerm_firewall_policy.base_policy",
            "module.azure_firewall.azurerm_public_ip.azure_firewall",
            "module.azure_firewall.azurerm_subnet.azure_firewall",
            "module.hub_vnet.azurerm_virtual_network.vnet",
            "module.spoke_vnet.azurerm_virtual_network.vnet",
            "random_string.random"
          ]
        }
      ]
    },
    {
      "module": "module.spoke_vnet_training_subnet",
      "mode": "managed",
      "type": "azurerm_subnet_route_table_association",
      "name": "route_assoc",
      "provider": "provider[\"registry.terraform.io/hashicorp/azurerm\"]",
      "instances": [
        {
          "schema_version": 0,
          "attributes": {
            "id": "/subscriptions/52c8334e-33c1-4df4-bba5-859bf96b7377/resourceGroups/rg-net-spoke-centralus/providers/Microsoft.Network/virtualNetworks/vnet-spk-centralus/subnets/snet-training",
            "route_table_id": "/subscriptions/52c8334e-33c1-4df4-bba5-859bf96b7377/resourceGroups/rg-net-spoke-centralus/providers/Microsoft.Network/routeTables/rt-snet-training",
            "subnet_id": "/subscriptions/52c8334e-33c1-4df4-bba5-859bf96b7377/resourceGroups/rg-net-spoke-centralus/providers/Microsoft.Network/virtualNetworks/vnet-spk-centralus/subnets/snet-training",
            "timeouts": null
          },
          "sensitive_attributes": [],
          "private": "eyJlMmJmYjczMC1lY2FhLTExZTYtOGY4OC0zNDM2M2JjN2M0YzAiOnsiY3JlYXRlIjoxODAwMDAwMDAwMDAwLCJkZWxldGUiOjE4MDAwMDAwMDAwMDAsInJlYWQiOjMwMDAwMDAwMDAwMCwidXBkYXRlIjoxODAwMDAwMDAwMDAwfX0=",
          "dependencies": [
            "azurerm_resource_group.hub_rg",
            "azurerm_resource_group.spoke_vnet_rg",
            "module.azure_firewall.azurerm_firewall.azure_firewall_instance",
            "module.azure_firewall.azurerm_firewall_policy.base_policy",
            "module.azure_firewall.azurerm_public_ip.azure_firewall",
            "module.azure_firewall.azurerm_subnet.azure_firewall",
            "module.hub_vnet.azurerm_virtual_network.vnet",
            "module.spoke_vnet.azurerm_virtual_network.vnet",
            "module.spoke_vnet_training_subnet.azurerm_route_table.rt",
            "module.spoke_vnet_training_subnet.azurerm_subnet.vnet",
            "module.spoke_vnet_training_subnet.data.azurerm_virtual_network.vnet_name",
            "random_string.random"
          ]
        }
      ]
    },
    {
      "module": "module.storage_account",
      "mode": "managed",
      "type": "azurerm_private_endpoint",
      "name": "storage_account_blob_pe",
      "provider": "provider[\"registry.terraform.io/hashicorp/azurerm\"]",
      "instances": [
        {
          "schema_version": 0,
          "attributes": {
            "custom_dns_configs": [],
            "id": "/subscriptions/52c8334e-33c1-4df4-bba5-859bf96b7377/resourceGroups/rg-shared-mlw-spoke-centralus/providers/Microsoft.Network/privateEndpoints/st-blob-endpoint",
            "location": "centralus",
            "name": "st-blob-endpoint",
            "private_dns_zone_configs": [
              {
                "id": "/subscriptions/52c8334e-33c1-4df4-bba5-859bf96b7377/resourceGroups/rg-shared-mlw-spoke-centralus/providers/Microsoft.Network/privateEndpoints/st-blob-endpoint/privateDnsZoneGroups/privatelink.blob.core.windows.net/privateDnsZoneConfigs/privatelink.blob.core.windows.net",
                "name": "privatelink.blob.core.windows.net",
                "private_dns_zone_id": "/subscriptions/52c8334e-33c1-4df4-bba5-859bf96b7377/resourceGroups/rg-pdz-core-prod-centralus/providers/Microsoft.Network/privateDnsZones/privatelink.blob.core.windows.net",
                "record_sets": [
                  {
                    "fqdn": "stx1hz3xft.privatelink.blob.core.windows.net",
                    "ip_addresses": [
                      "10.3.3.5"
                    ],
                    "name": "stx1hz3xft",
                    "ttl": 10,
                    "type": "A"
                  }
                ]
              }
            ],
            "private_dns_zone_group": [
              {
                "id": "/subscriptions/52c8334e-33c1-4df4-bba5-859bf96b7377/resourceGroups/rg-shared-mlw-spoke-centralus/providers/Microsoft.Network/privateEndpoints/st-blob-endpoint/privateDnsZoneGroups/privatelink.blob.core.windows.net",
                "name": "privatelink.blob.core.windows.net",
                "private_dns_zone_ids": [
                  "/subscriptions/52c8334e-33c1-4df4-bba5-859bf96b7377/resourceGroups/rg-pdz-core-prod-centralus/providers/Microsoft.Network/privateDnsZones/privatelink.blob.core.windows.net"
                ]
              }
            ],
            "private_service_connection": [
              {
                "is_manual_connection": false,
                "name": "storage-account-private-link-connection",
                "private_connection_resource_alias": "",
                "private_connection_resource_id": "/subscriptions/52c8334e-33c1-4df4-bba5-859bf96b7377/resourceGroups/rg-shared-mlw-spoke-centralus/providers/Microsoft.Storage/storageAccounts/stx1hz3xft",
                "private_ip_address": "10.3.3.5",
                "request_message": "",
                "subresource_names": [
                  "blob"
                ]
              }
            ],
            "resource_group_name": "rg-shared-mlw-spoke-centralus",
            "subnet_id": "/subscriptions/52c8334e-33c1-4df4-bba5-859bf96b7377/resourceGroups/rg-net-spoke-centralus/providers/Microsoft.Network/virtualNetworks/vnet-spk-centralus/subnets/snet-training",
            "tags": null,
            "timeouts": null
          },
          "sensitive_attributes": [],
          "private": "eyJlMmJmYjczMC1lY2FhLTExZTYtOGY4OC0zNDM2M2JjN2M0YzAiOnsiY3JlYXRlIjozNjAwMDAwMDAwMDAwLCJkZWxldGUiOjM2MDAwMDAwMDAwMDAsInJlYWQiOjMwMDAwMDAwMDAwMCwidXBkYXRlIjozNjAwMDAwMDAwMDAwfX0=",
          "dependencies": [
            "azurerm_resource_group.hub_rg",
            "azurerm_resource_group.spoke_shared_rg",
            "azurerm_resource_group.spoke_vnet_rg",
            "azurerm_resource_group.svc_rg",
            "module.azure_firewall.azurerm_firewall.azure_firewall_instance",
            "module.azure_firewall.azurerm_firewall_policy.base_policy",
            "module.azure_firewall.azurerm_public_ip.azure_firewall",
            "module.azure_firewall.azurerm_subnet.azure_firewall",
            "module.hub_vnet.azurerm_virtual_network.vnet",
            "module.private_dns.azurerm_private_dns_zone.storage_account_blob_zone",
            "module.spoke_vnet.azurerm_virtual_network.vnet",
            "module.spoke_vnet_training_subnet.azurerm_subnet.vnet",
            "module.storage_account.azurerm_storage_account.storage_account",
            "random_string.random"
          ]
        }
      ]
    },
    {
      "module": "module.storage_account",
      "mode": "managed",
      "type": "azurerm_private_endpoint",
      "name": "storage_account_file_pe",
      "provider": "provider[\"registry.terraform.io/hashicorp/azurerm\"]",
      "instances": [
        {
          "schema_version": 0,
          "attributes": {
            "custom_dns_configs": [],
            "id": "/subscriptions/52c8334e-33c1-4df4-bba5-859bf96b7377/resourceGroups/rg-shared-mlw-spoke-centralus/providers/Microsoft.Network/privateEndpoints/st-file-endpoint",
            "location": "centralus",
            "name": "st-file-endpoint",
            "private_dns_zone_configs": [
              {
                "id": "/subscriptions/52c8334e-33c1-4df4-bba5-859bf96b7377/resourceGroups/rg-shared-mlw-spoke-centralus/providers/Microsoft.Network/privateEndpoints/st-file-endpoint/privateDnsZoneGroups/privatelink.file.core.windows.net/privateDnsZoneConfigs/privatelink.file.core.windows.net",
                "name": "privatelink.file.core.windows.net",
                "private_dns_zone_id": "/subscriptions/52c8334e-33c1-4df4-bba5-859bf96b7377/resourceGroups/rg-pdz-core-prod-centralus/providers/Microsoft.Network/privateDnsZones/privatelink.file.core.windows.net",
                "record_sets": [
                  {
                    "fqdn": "stx1hz3xft.privatelink.file.core.windows.net",
                    "ip_addresses": [
                      "10.3.3.6"
                    ],
                    "name": "stx1hz3xft",
                    "ttl": 10,
                    "type": "A"
                  }
                ]
              }
            ],
            "private_dns_zone_group": [
              {
                "id": "/subscriptions/52c8334e-33c1-4df4-bba5-859bf96b7377/resourceGroups/rg-shared-mlw-spoke-centralus/providers/Microsoft.Network/privateEndpoints/st-file-endpoint/privateDnsZoneGroups/privatelink.file.core.windows.net",
                "name": "privatelink.file.core.windows.net",
                "private_dns_zone_ids": [
                  "/subscriptions/52c8334e-33c1-4df4-bba5-859bf96b7377/resourceGroups/rg-pdz-core-prod-centralus/providers/Microsoft.Network/privateDnsZones/privatelink.file.core.windows.net"
                ]
              }
            ],
            "private_service_connection": [
              {
                "is_manual_connection": false,
                "name": "storage-account-private-link-connection",
                "private_connection_resource_alias": "",
                "private_connection_resource_id": "/subscriptions/52c8334e-33c1-4df4-bba5-859bf96b7377/resourceGroups/rg-shared-mlw-spoke-centralus/providers/Microsoft.Storage/storageAccounts/stx1hz3xft",
                "private_ip_address": "10.3.3.6",
                "request_message": "",
                "subresource_names": [
                  "file"
                ]
              }
            ],
            "resource_group_name": "rg-shared-mlw-spoke-centralus",
            "subnet_id": "/subscriptions/52c8334e-33c1-4df4-bba5-859bf96b7377/resourceGroups/rg-net-spoke-centralus/providers/Microsoft.Network/virtualNetworks/vnet-spk-centralus/subnets/snet-training",
            "tags": null,
            "timeouts": null
          },
          "sensitive_attributes": [],
          "private": "eyJlMmJmYjczMC1lY2FhLTExZTYtOGY4OC0zNDM2M2JjN2M0YzAiOnsiY3JlYXRlIjozNjAwMDAwMDAwMDAwLCJkZWxldGUiOjM2MDAwMDAwMDAwMDAsInJlYWQiOjMwMDAwMDAwMDAwMCwidXBkYXRlIjozNjAwMDAwMDAwMDAwfX0=",
          "dependencies": [
            "azurerm_resource_group.hub_rg",
            "azurerm_resource_group.spoke_shared_rg",
            "azurerm_resource_group.spoke_vnet_rg",
            "azurerm_resource_group.svc_rg",
            "module.azure_firewall.azurerm_firewall.azure_firewall_instance",
            "module.azure_firewall.azurerm_firewall_policy.base_policy",
            "module.azure_firewall.azurerm_public_ip.azure_firewall",
            "module.azure_firewall.azurerm_subnet.azure_firewall",
            "module.hub_vnet.azurerm_virtual_network.vnet",
            "module.private_dns.azurerm_private_dns_zone.storage_account_file_zone",
            "module.spoke_vnet.azurerm_virtual_network.vnet",
            "module.spoke_vnet_training_subnet.azurerm_subnet.vnet",
            "module.storage_account.azurerm_storage_account.storage_account",
            "random_string.random"
          ]
        }
      ]
    },
    {
      "module": "module.storage_account",
      "mode": "managed",
      "type": "azurerm_storage_account",
      "name": "storage_account",
      "provider": "provider[\"registry.terraform.io/hashicorp/azurerm\"]",
      "instances": [
        {
          "schema_version": 2,
          "attributes": {
            "access_tier": "Hot",
            "account_kind": "StorageV2",
            "account_replication_type": "LRS",
            "account_tier": "Standard",
            "allow_blob_public_access": false,
            "azure_files_authentication": [],
            "blob_properties": [
              {
                "change_feed_enabled": false,
                "container_delete_retention_policy": [],
                "cors_rule": [],
                "default_service_version": "",
                "delete_retention_policy": [],
                "last_access_time_enabled": false,
                "versioning_enabled": false
              }
            ],
            "custom_domain": [],
            "enable_https_traffic_only": true,
            "id": "/subscriptions/52c8334e-33c1-4df4-bba5-859bf96b7377/resourceGroups/rg-shared-mlw-spoke-centralus/providers/Microsoft.Storage/storageAccounts/stx1hz3xft",
            "identity": [],
            "is_hns_enabled": false,
            "large_file_share_enabled": null,
            "location": "centralus",
            "min_tls_version": "TLS1_0",
            "name": "stx1hz3xft",
            "network_rules": [
              {
                "bypass": [
                  "AzureServices"
                ],
                "default_action": "Deny",
                "ip_rules": [],
                "private_link_access": [],
                "virtual_network_subnet_ids": []
              }
            ],
            "nfsv3_enabled": false,
            "primary_access_key": "cFz2SdEERX+HKzoJVkMfk0ckUFR1GaRyaEik/WIzBWieCW0AuAe4fujrzMHI5zunha3X2mO4tyaZO+S9CPd5Jw==",
            "primary_blob_connection_string": "DefaultEndpointsProtocol=https;BlobEndpoint=https://stx1hz3xft.blob.core.windows.net/;AccountName=stx1hz3xft;AccountKey=cFz2SdEERX+HKzoJVkMfk0ckUFR1GaRyaEik/WIzBWieCW0AuAe4fujrzMHI5zunha3X2mO4tyaZO+S9CPd5Jw==",
            "primary_blob_endpoint": "https://stx1hz3xft.blob.core.windows.net/",
            "primary_blob_host": "stx1hz3xft.blob.core.windows.net",
            "primary_connection_string": "DefaultEndpointsProtocol=https;AccountName=stx1hz3xft;AccountKey=cFz2SdEERX+HKzoJVkMfk0ckUFR1GaRyaEik/WIzBWieCW0AuAe4fujrzMHI5zunha3X2mO4tyaZO+S9CPd5Jw==;EndpointSuffix=core.windows.net",
            "primary_dfs_endpoint": "https://stx1hz3xft.dfs.core.windows.net/",
            "primary_dfs_host": "stx1hz3xft.dfs.core.windows.net",
            "primary_file_endpoint": "https://stx1hz3xft.file.core.windows.net/",
            "primary_file_host": "stx1hz3xft.file.core.windows.net",
            "primary_location": "centralus",
            "primary_queue_endpoint": "https://stx1hz3xft.queue.core.windows.net/",
            "primary_queue_host": "stx1hz3xft.queue.core.windows.net",
            "primary_table_endpoint": "https://stx1hz3xft.table.core.windows.net/",
            "primary_table_host": "stx1hz3xft.table.core.windows.net",
            "primary_web_endpoint": "https://stx1hz3xft.z19.web.core.windows.net/",
            "primary_web_host": "stx1hz3xft.z19.web.core.windows.net",
            "queue_properties": [
              {
                "cors_rule": [],
                "hour_metrics": [
                  {
                    "enabled": true,
                    "include_apis": true,
                    "retention_policy_days": 7,
                    "version": "1.0"
                  }
                ],
                "logging": [
                  {
                    "delete": false,
                    "read": false,
                    "retention_policy_days": 0,
                    "version": "1.0",
                    "write": false
                  }
                ],
                "minute_metrics": [
                  {
                    "enabled": false,
                    "include_apis": false,
                    "retention_policy_days": 0,
                    "version": "1.0"
                  }
                ]
              }
            ],
            "resource_group_name": "rg-shared-mlw-spoke-centralus",
            "routing": [],
            "secondary_access_key": "XLSG9jVY/lo4GLt5iBrKZVDXRYnlKg3LGpVsSALbHS6rbwssMWPcoMhlm8lclfGJa1bqZgdLs9KZNeCI9uY9SQ==",
            "secondary_blob_connection_string": "",
            "secondary_blob_endpoint": null,
            "secondary_blob_host": null,
            "secondary_connection_string": "DefaultEndpointsProtocol=https;AccountName=stx1hz3xft;AccountKey=XLSG9jVY/lo4GLt5iBrKZVDXRYnlKg3LGpVsSALbHS6rbwssMWPcoMhlm8lclfGJa1bqZgdLs9KZNeCI9uY9SQ==;EndpointSuffix=core.windows.net",
            "secondary_dfs_endpoint": null,
            "secondary_dfs_host": null,
            "secondary_file_endpoint": null,
            "secondary_file_host": null,
            "secondary_location": "",
            "secondary_queue_endpoint": null,
            "secondary_queue_host": null,
            "secondary_table_endpoint": null,
            "secondary_table_host": null,
            "secondary_web_endpoint": null,
            "secondary_web_host": null,
            "share_properties": [
              {
                "cors_rule": [],
                "retention_policy": [
                  {
                    "days": 7
                  }
                ],
                "smb": []
              }
            ],
            "shared_access_key_enabled": true,
            "static_website": [],
            "tags": null,
            "timeouts": null
          },
          "sensitive_attributes": [],
          "private": "eyJlMmJmYjczMC1lY2FhLTExZTYtOGY4OC0zNDM2M2JjN2M0YzAiOnsiY3JlYXRlIjozNjAwMDAwMDAwMDAwLCJkZWxldGUiOjM2MDAwMDAwMDAwMDAsInJlYWQiOjMwMDAwMDAwMDAwMCwidXBkYXRlIjozNjAwMDAwMDAwMDAwfSwic2NoZW1hX3ZlcnNpb24iOiIyIn0=",
          "dependencies": [
            "azurerm_resource_group.spoke_shared_rg",
            "random_string.random"
          ]
        }
      ]
    }
  ]
}
